// !$*UTF8*$!
{
	archiveVersion = 1;
	classes = {
	};
	objectVersion = 50;
	objects = {

/* Begin PBXBuildFile section */
		8033FF04232E50CA00F1B233 /* RXCDiffArray.h in Headers */ = {isa = PBXBuildFile; fileRef = 8033FF02232E50CA00F1B233 /* RXCDiffArray.h */; settings = {ATTRIBUTES = (Public, ); }; };
		806684F0232FE5D5006A73B6 /* UITableView+RDAExtension.swift in Sources */ = {isa = PBXBuildFile; fileRef = 806684D6232FE5D5006A73B6 /* UITableView+RDAExtension.swift */; };
		806684F1232FE5D5006A73B6 /* UICollectionView+RDAExtension.swift in Sources */ = {isa = PBXBuildFile; fileRef = 806684D7232FE5D5006A73B6 /* UICollectionView+RDAExtension.swift */; };
		806684F2232FE5D5006A73B6 /* ASCollectionNode+RDAExtension.swift in Sources */ = {isa = PBXBuildFile; fileRef = 806684D9232FE5D5006A73B6 /* ASCollectionNode+RDAExtension.swift */; };
		806684F3232FE5D5006A73B6 /* ASTableNode+RDAExtension.swift in Sources */ = {isa = PBXBuildFile; fileRef = 806684DA232FE5D5006A73B6 /* ASTableNode+RDAExtension.swift */; };
		806684F4232FE5D5006A73B6 /* RXCDiffArray+DifferenceKit.swift in Sources */ = {isa = PBXBuildFile; fileRef = 806684DC232FE5D5006A73B6 /* RXCDiffArray+DifferenceKit.swift */; };
		806684F6232FE5D5006A73B6 /* ContentEquatable.swift in Sources */ = {isa = PBXBuildFile; fileRef = 806684E0232FE5D5006A73B6 /* ContentEquatable.swift */; };
		806684F7232FE5D5006A73B6 /* ArraySection.swift in Sources */ = {isa = PBXBuildFile; fileRef = 806684E1232FE5D5006A73B6 /* ArraySection.swift */; };
		806684F8232FE5D5006A73B6 /* Algorithm.swift in Sources */ = {isa = PBXBuildFile; fileRef = 806684E2232FE5D5006A73B6 /* Algorithm.swift */; };
		806684F9232FE5D5006A73B6 /* AppKitExtension.swift in Sources */ = {isa = PBXBuildFile; fileRef = 806684E4232FE5D5006A73B6 /* AppKitExtension.swift */; };
		806684FA232FE5D5006A73B6 /* UIKitExtension.swift in Sources */ = {isa = PBXBuildFile; fileRef = 806684E5232FE5D5006A73B6 /* UIKitExtension.swift */; };
		806684FB232FE5D5006A73B6 /* AnyDifferentiable.swift in Sources */ = {isa = PBXBuildFile; fileRef = 806684E6232FE5D5006A73B6 /* AnyDifferentiable.swift */; };
		806684FC232FE5D5006A73B6 /* StagedChangeset.swift in Sources */ = {isa = PBXBuildFile; fileRef = 806684E7232FE5D5006A73B6 /* StagedChangeset.swift */; };
		806684FD232FE5D5006A73B6 /* ElementPath.swift in Sources */ = {isa = PBXBuildFile; fileRef = 806684E8232FE5D5006A73B6 /* ElementPath.swift */; };
		806684FE232FE5D5006A73B6 /* DifferentiableSection.swift in Sources */ = {isa = PBXBuildFile; fileRef = 806684E9232FE5D5006A73B6 /* DifferentiableSection.swift */; };
		806684FF232FE5D5006A73B6 /* Changeset.swift in Sources */ = {isa = PBXBuildFile; fileRef = 806684EA232FE5D5006A73B6 /* Changeset.swift */; };
		80668501232FE5D5006A73B6 /* Differentiable.swift in Sources */ = {isa = PBXBuildFile; fileRef = 806684EC232FE5D5006A73B6 /* Differentiable.swift */; };
		80668502232FE5D5006A73B6 /* RDADifference.swift in Sources */ = {isa = PBXBuildFile; fileRef = 806684ED232FE5D5006A73B6 /* RDADifference.swift */; };
		80668503232FE5D5006A73B6 /* RDATableViewAnimations.swift in Sources */ = {isa = PBXBuildFile; fileRef = 806684EE232FE5D5006A73B6 /* RDATableViewAnimations.swift */; };
		80668504232FE5D5006A73B6 /* RXCDiffArray.swift in Sources */ = {isa = PBXBuildFile; fileRef = 806684EF232FE5D5006A73B6 /* RXCDiffArray.swift */; };
/* End PBXBuildFile section */

/* Begin PBXFileReference section */
		8033FEFF232E50CA00F1B233 /* RXCDiffArray.framework */ = {isa = PBXFileReference; explicitFileType = wrapper.framework; includeInIndex = 0; path = RXCDiffArray.framework; sourceTree = BUILT_PRODUCTS_DIR; };
		8033FF02232E50CA00F1B233 /* RXCDiffArray.h */ = {isa = PBXFileReference; lastKnownFileType = sourcecode.c.h; path = RXCDiffArray.h; sourceTree = "<group>"; };
		8033FF03232E50CA00F1B233 /* Info.plist */ = {isa = PBXFileReference; lastKnownFileType = text.plist.xml; path = Info.plist; sourceTree = "<group>"; };
		8053A795232F1CD20041F84C /* AsyncDisplayKit.framework */ = {isa = PBXFileReference; explicitFileType = wrapper.framework; path = AsyncDisplayKit.framework; sourceTree = BUILT_PRODUCTS_DIR; };
		8053A799232F1D580041F84C /* Pods_RXCEntityListViewController.framework */ = {isa = PBXFileReference; explicitFileType = wrapper.framework; path = Pods_RXCEntityListViewController.framework; sourceTree = BUILT_PRODUCTS_DIR; };
		806684D6232FE5D5006A73B6 /* UITableView+RDAExtension.swift */ = {isa = PBXFileReference; fileEncoding = 4; lastKnownFileType = sourcecode.swift; path = "UITableView+RDAExtension.swift"; sourceTree = "<group>"; };
		806684D7232FE5D5006A73B6 /* UICollectionView+RDAExtension.swift */ = {isa = PBXFileReference; fileEncoding = 4; lastKnownFileType = sourcecode.swift; path = "UICollectionView+RDAExtension.swift"; sourceTree = "<group>"; };
		806684D9232FE5D5006A73B6 /* ASCollectionNode+RDAExtension.swift */ = {isa = PBXFileReference; fileEncoding = 4; lastKnownFileType = sourcecode.swift; path = "ASCollectionNode+RDAExtension.swift"; sourceTree = "<group>"; };
		806684DA232FE5D5006A73B6 /* ASTableNode+RDAExtension.swift */ = {isa = PBXFileReference; fileEncoding = 4; lastKnownFileType = sourcecode.swift; path = "ASTableNode+RDAExtension.swift"; sourceTree = "<group>"; };
		806684DC232FE5D5006A73B6 /* RXCDiffArray+DifferenceKit.swift */ = {isa = PBXFileReference; fileEncoding = 4; lastKnownFileType = sourcecode.swift; path = "RXCDiffArray+DifferenceKit.swift"; sourceTree = "<group>"; };
		806684E0232FE5D5006A73B6 /* ContentEquatable.swift */ = {isa = PBXFileReference; fileEncoding = 4; lastKnownFileType = sourcecode.swift; path = ContentEquatable.swift; sourceTree = "<group>"; };
		806684E1232FE5D5006A73B6 /* ArraySection.swift */ = {isa = PBXFileReference; fileEncoding = 4; lastKnownFileType = sourcecode.swift; path = ArraySection.swift; sourceTree = "<group>"; };
		806684E2232FE5D5006A73B6 /* Algorithm.swift */ = {isa = PBXFileReference; fileEncoding = 4; lastKnownFileType = sourcecode.swift; path = Algorithm.swift; sourceTree = "<group>"; };
		806684E4232FE5D5006A73B6 /* AppKitExtension.swift */ = {isa = PBXFileReference; fileEncoding = 4; lastKnownFileType = sourcecode.swift; path = AppKitExtension.swift; sourceTree = "<group>"; };
		806684E5232FE5D5006A73B6 /* UIKitExtension.swift */ = {isa = PBXFileReference; fileEncoding = 4; lastKnownFileType = sourcecode.swift; path = UIKitExtension.swift; sourceTree = "<group>"; };
		806684E6232FE5D5006A73B6 /* AnyDifferentiable.swift */ = {isa = PBXFileReference; fileEncoding = 4; lastKnownFileType = sourcecode.swift; path = AnyDifferentiable.swift; sourceTree = "<group>"; };
		806684E7232FE5D5006A73B6 /* StagedChangeset.swift */ = {isa = PBXFileReference; fileEncoding = 4; lastKnownFileType = sourcecode.swift; path = StagedChangeset.swift; sourceTree = "<group>"; };
		806684E8232FE5D5006A73B6 /* ElementPath.swift */ = {isa = PBXFileReference; fileEncoding = 4; lastKnownFileType = sourcecode.swift; path = ElementPath.swift; sourceTree = "<group>"; };
		806684E9232FE5D5006A73B6 /* DifferentiableSection.swift */ = {isa = PBXFileReference; fileEncoding = 4; lastKnownFileType = sourcecode.swift; path = DifferentiableSection.swift; sourceTree = "<group>"; };
		806684EA232FE5D5006A73B6 /* Changeset.swift */ = {isa = PBXFileReference; fileEncoding = 4; lastKnownFileType = sourcecode.swift; path = Changeset.swift; sourceTree = "<group>"; };
		806684EC232FE5D5006A73B6 /* Differentiable.swift */ = {isa = PBXFileReference; fileEncoding = 4; lastKnownFileType = sourcecode.swift; path = Differentiable.swift; sourceTree = "<group>"; };
		806684ED232FE5D5006A73B6 /* RDADifference.swift */ = {isa = PBXFileReference; fileEncoding = 4; lastKnownFileType = sourcecode.swift; path = RDADifference.swift; sourceTree = "<group>"; };
		806684EE232FE5D5006A73B6 /* RDATableViewAnimations.swift */ = {isa = PBXFileReference; fileEncoding = 4; lastKnownFileType = sourcecode.swift; path = RDATableViewAnimations.swift; sourceTree = "<group>"; };
		806684EF232FE5D5006A73B6 /* RXCDiffArray.swift */ = {isa = PBXFileReference; fileEncoding = 4; lastKnownFileType = sourcecode.swift; path = RXCDiffArray.swift; sourceTree = "<group>"; };
/* End PBXFileReference section */

/* Begin PBXFrameworksBuildPhase section */
		8033FEFC232E50CA00F1B233 /* Frameworks */ = {
			isa = PBXFrameworksBuildPhase;
			buildActionMask = 2147483647;
			files = (
			);
			runOnlyForDeploymentPostprocessing = 0;
		};
/* End PBXFrameworksBuildPhase section */

/* Begin PBXGroup section */
		8033FEF5232E50CA00F1B233 = {
			isa = PBXGroup;
			children = (
				806684D3232FE5D5006A73B6 /* Source */,
				8033FF01232E50CA00F1B233 /* RXCDiffArray */,
				8033FF00232E50CA00F1B233 /* Products */,
				8053A794232F1CD20041F84C /* Frameworks */,
			);
			sourceTree = "<group>";
		};
		8033FF00232E50CA00F1B233 /* Products */ = {
			isa = PBXGroup;
			children = (
				8033FEFF232E50CA00F1B233 /* RXCDiffArray.framework */,
			);
			name = Products;
			sourceTree = "<group>";
		};
		8033FF01232E50CA00F1B233 /* RXCDiffArray */ = {
			isa = PBXGroup;
			children = (
				8033FF02232E50CA00F1B233 /* RXCDiffArray.h */,
				8033FF03232E50CA00F1B233 /* Info.plist */,
			);
			path = RXCDiffArray;
			sourceTree = "<group>";
		};
		8053A794232F1CD20041F84C /* Frameworks */ = {
			isa = PBXGroup;
			children = (
				8053A799232F1D580041F84C /* Pods_RXCEntityListViewController.framework */,
				8053A795232F1CD20041F84C /* AsyncDisplayKit.framework */,
			);
			name = Frameworks;
			sourceTree = "<group>";
		};
		806684D3232FE5D5006A73B6 /* Source */ = {
			isa = PBXGroup;
			children = (
				806684D4232FE5D5006A73B6 /* Extension */,
				806684DB232FE5D5006A73B6 /* DifferenceKit */,
				806684ED232FE5D5006A73B6 /* RDADifference.swift */,
				806684EE232FE5D5006A73B6 /* RDATableViewAnimations.swift */,
				806684EF232FE5D5006A73B6 /* RXCDiffArray.swift */,
			);
			path = Source;
			sourceTree = "<group>";
		};
		806684D4232FE5D5006A73B6 /* Extension */ = {
			isa = PBXGroup;
			children = (
				806684D5232FE5D5006A73B6 /* UIKit */,
				806684D8232FE5D5006A73B6 /* ASDK */,
			);
			path = Extension;
			sourceTree = "<group>";
		};
		806684D5232FE5D5006A73B6 /* UIKit */ = {
			isa = PBXGroup;
			children = (
				806684D6232FE5D5006A73B6 /* UITableView+RDAExtension.swift */,
				806684D7232FE5D5006A73B6 /* UICollectionView+RDAExtension.swift */,
			);
			path = UIKit;
			sourceTree = "<group>";
		};
		806684D8232FE5D5006A73B6 /* ASDK */ = {
			isa = PBXGroup;
			children = (
				806684D9232FE5D5006A73B6 /* ASCollectionNode+RDAExtension.swift */,
				806684DA232FE5D5006A73B6 /* ASTableNode+RDAExtension.swift */,
			);
			path = ASDK;
			sourceTree = "<group>";
		};
		806684DB232FE5D5006A73B6 /* DifferenceKit */ = {
			isa = PBXGroup;
			children = (
				806684DC232FE5D5006A73B6 /* RXCDiffArray+DifferenceKit.swift */,
				806684DD232FE5D5006A73B6 /* DifferenceKit */,
			);
			path = DifferenceKit;
			sourceTree = "<group>";
		};
		806684DD232FE5D5006A73B6 /* DifferenceKit */ = {
			isa = PBXGroup;
			children = (
				806684DF232FE5D5006A73B6 /* Sources */,
			);
			path = DifferenceKit;
			sourceTree = "<group>";
		};
		806684DF232FE5D5006A73B6 /* Sources */ = {
			isa = PBXGroup;
			children = (
				806684E0232FE5D5006A73B6 /* ContentEquatable.swift */,
				806684E1232FE5D5006A73B6 /* ArraySection.swift */,
				806684E2232FE5D5006A73B6 /* Algorithm.swift */,
				806684E3232FE5D5006A73B6 /* Extensions */,
				806684E6232FE5D5006A73B6 /* AnyDifferentiable.swift */,
				806684E7232FE5D5006A73B6 /* StagedChangeset.swift */,
				806684E8232FE5D5006A73B6 /* ElementPath.swift */,
				806684E9232FE5D5006A73B6 /* DifferentiableSection.swift */,
				806684EA232FE5D5006A73B6 /* Changeset.swift */,
				806684EC232FE5D5006A73B6 /* Differentiable.swift */,
			);
			path = Sources;
			sourceTree = "<group>";
		};
		806684E3232FE5D5006A73B6 /* Extensions */ = {
			isa = PBXGroup;
			children = (
				806684E4232FE5D5006A73B6 /* AppKitExtension.swift */,
				806684E5232FE5D5006A73B6 /* UIKitExtension.swift */,
			);
			path = Extensions;
			sourceTree = "<group>";
		};
/* End PBXGroup section */

/* Begin PBXHeadersBuildPhase section */
		8033FEFA232E50CA00F1B233 /* Headers */ = {
			isa = PBXHeadersBuildPhase;
			buildActionMask = 2147483647;
			files = (
				8033FF04232E50CA00F1B233 /* RXCDiffArray.h in Headers */,
			);
			runOnlyForDeploymentPostprocessing = 0;
		};
/* End PBXHeadersBuildPhase section */

/* Begin PBXNativeTarget section */
		8033FEFE232E50CA00F1B233 /* RXCDiffArray */ = {
			isa = PBXNativeTarget;
			buildConfigurationList = 8033FF07232E50CA00F1B233 /* Build configuration list for PBXNativeTarget "RXCDiffArray" */;
			buildPhases = (
				8033FEFA232E50CA00F1B233 /* Headers */,
				8033FEFB232E50CA00F1B233 /* Sources */,
				8033FEFC232E50CA00F1B233 /* Frameworks */,
				8033FEFD232E50CA00F1B233 /* Resources */,
			);
			buildRules = (
			);
			dependencies = (
			);
			name = RXCDiffArray;
			productName = RXCDiffArray;
			productReference = 8033FEFF232E50CA00F1B233 /* RXCDiffArray.framework */;
			productType = "com.apple.product-type.framework";
		};
/* End PBXNativeTarget section */

/* Begin PBXProject section */
		8033FEF6232E50CA00F1B233 /* Project object */ = {
			isa = PBXProject;
			attributes = {
				LastUpgradeCheck = 1030;
				ORGANIZATIONNAME = ruixingchen;
				TargetAttributes = {
					8033FEFE232E50CA00F1B233 = {
						CreatedOnToolsVersion = 10.3;
					};
				};
			};
			buildConfigurationList = 8033FEF9232E50CA00F1B233 /* Build configuration list for PBXProject "RXCDiffArray" */;
			compatibilityVersion = "Xcode 9.3";
			developmentRegion = en;
			hasScannedForEncodings = 0;
			knownRegions = (
				en,
			);
			mainGroup = 8033FEF5232E50CA00F1B233;
			productRefGroup = 8033FF00232E50CA00F1B233 /* Products */;
			projectDirPath = "";
			projectRoot = "";
			targets = (
				8033FEFE232E50CA00F1B233 /* RXCDiffArray */,
			);
		};
/* End PBXProject section */

/* Begin PBXResourcesBuildPhase section */
		8033FEFD232E50CA00F1B233 /* Resources */ = {
			isa = PBXResourcesBuildPhase;
			buildActionMask = 2147483647;
			files = (
			);
			runOnlyForDeploymentPostprocessing = 0;
		};
/* End PBXResourcesBuildPhase section */

/* Begin PBXSourcesBuildPhase section */
		8033FEFB232E50CA00F1B233 /* Sources */ = {
			isa = PBXSourcesBuildPhase;
			buildActionMask = 2147483647;
			files = (
				806684F1232FE5D5006A73B6 /* UICollectionView+RDAExtension.swift in Sources */,
				806684F8232FE5D5006A73B6 /* Algorithm.swift in Sources */,
				806684F9232FE5D5006A73B6 /* AppKitExtension.swift in Sources */,
				806684F7232FE5D5006A73B6 /* ArraySection.swift in Sources */,
				806684F0232FE5D5006A73B6 /* UITableView+RDAExtension.swift in Sources */,
				806684FD232FE5D5006A73B6 /* ElementPath.swift in Sources */,
				806684FB232FE5D5006A73B6 /* AnyDifferentiable.swift in Sources */,
				806684FC232FE5D5006A73B6 /* StagedChangeset.swift in Sources */,
				806684F3232FE5D5006A73B6 /* ASTableNode+RDAExtension.swift in Sources */,
				806684F4232FE5D5006A73B6 /* RXCDiffArray+DifferenceKit.swift in Sources */,
				806684FE232FE5D5006A73B6 /* DifferentiableSection.swift in Sources */,
				806684FF232FE5D5006A73B6 /* Changeset.swift in Sources */,
				806684F2232FE5D5006A73B6 /* ASCollectionNode+RDAExtension.swift in Sources */,
				80668503232FE5D5006A73B6 /* RDATableViewAnimations.swift in Sources */,
				806684FA232FE5D5006A73B6 /* UIKitExtension.swift in Sources */,
				806684F6232FE5D5006A73B6 /* ContentEquatable.swift in Sources */,
				80668502232FE5D5006A73B6 /* RDADifference.swift in Sources */,
				80668504232FE5D5006A73B6 /* RXCDiffArray.swift in Sources */,
				80668501232FE5D5006A73B6 /* Differentiable.swift in Sources */,
			);
			runOnlyForDeploymentPostprocessing = 0;
		};
/* End PBXSourcesBuildPhase section */

/* Begin XCBuildConfiguration section */
		8033FF05232E50CA00F1B233 /* Debug */ = {
			isa = XCBuildConfiguration;
			buildSettings = {
				ALWAYS_SEARCH_USER_PATHS = NO;
				CLANG_ANALYZER_NONNULL = YES;
				CLANG_ANALYZER_NUMBER_OBJECT_CONVERSION = YES_AGGRESSIVE;
				CLANG_CXX_LANGUAGE_STANDARD = "gnu++14";
				CLANG_CXX_LIBRARY = "libc++";
				CLANG_ENABLE_MODULES = YES;
				CLANG_ENABLE_OBJC_ARC = YES;
				CLANG_ENABLE_OBJC_WEAK = YES;
				CLANG_WARN_BLOCK_CAPTURE_AUTORELEASING = YES;
				CLANG_WARN_BOOL_CONVERSION = YES;
				CLANG_WARN_COMMA = YES;
				CLANG_WARN_CONSTANT_CONVERSION = YES;
				CLANG_WARN_DEPRECATED_OBJC_IMPLEMENTATIONS = YES;
				CLANG_WARN_DIRECT_OBJC_ISA_USAGE = YES_ERROR;
				CLANG_WARN_DOCUMENTATION_COMMENTS = YES;
				CLANG_WARN_EMPTY_BODY = YES;
				CLANG_WARN_ENUM_CONVERSION = YES;
				CLANG_WARN_INFINITE_RECURSION = YES;
				CLANG_WARN_INT_CONVERSION = YES;
				CLANG_WARN_NON_LITERAL_NULL_CONVERSION = YES;
				CLANG_WARN_OBJC_IMPLICIT_RETAIN_SELF = YES;
				CLANG_WARN_OBJC_LITERAL_CONVERSION = YES;
				CLANG_WARN_OBJC_ROOT_CLASS = YES_ERROR;
				CLANG_WARN_RANGE_LOOP_ANALYSIS = YES;
				CLANG_WARN_STRICT_PROTOTYPES = YES;
				CLANG_WARN_SUSPICIOUS_MOVE = YES;
				CLANG_WARN_UNGUARDED_AVAILABILITY = YES_AGGRESSIVE;
				CLANG_WARN_UNREACHABLE_CODE = YES;
				CLANG_WARN__DUPLICATE_METHOD_MATCH = YES;
				CODE_SIGN_IDENTITY = "iPhone Developer";
				COPY_PHASE_STRIP = NO;
				CURRENT_PROJECT_VERSION = 1;
				DEBUG_INFORMATION_FORMAT = dwarf;
				ENABLE_STRICT_OBJC_MSGSEND = YES;
				ENABLE_TESTABILITY = YES;
				GCC_C_LANGUAGE_STANDARD = gnu11;
				GCC_DYNAMIC_NO_PIC = NO;
				GCC_NO_COMMON_BLOCKS = YES;
				GCC_OPTIMIZATION_LEVEL = 0;
				GCC_PREPROCESSOR_DEFINITIONS = (
					"DEBUG=1",
					"$(inherited)",
				);
				GCC_WARN_64_TO_32_BIT_CONVERSION = YES;
				GCC_WARN_ABOUT_RETURN_TYPE = YES_ERROR;
				GCC_WARN_UNDECLARED_SELECTOR = YES;
				GCC_WARN_UNINITIALIZED_AUTOS = YES_AGGRESSIVE;
				GCC_WARN_UNUSED_FUNCTION = YES;
				GCC_WARN_UNUSED_VARIABLE = YES;
				IPHONEOS_DEPLOYMENT_TARGET = 12.4;
				MTL_ENABLE_DEBUG_INFO = INCLUDE_SOURCE;
				MTL_FAST_MATH = YES;
				ONLY_ACTIVE_ARCH = YES;
				SDKROOT = iphoneos;
				SWIFT_ACTIVE_COMPILATION_CONDITIONS = DEBUG;
				SWIFT_OPTIMIZATION_LEVEL = "-Onone";
				VERSIONING_SYSTEM = "apple-generic";
				VERSION_INFO_PREFIX = "";
			};
			name = Debug;
		};
		8033FF06232E50CA00F1B233 /* Release */ = {
			isa = XCBuildConfiguration;
			buildSettings = {
				ALWAYS_SEARCH_USER_PATHS = NO;
				CLANG_ANALYZER_NONNULL = YES;
				CLANG_ANALYZER_NUMBER_OBJECT_CONVERSION = YES_AGGRESSIVE;
				CLANG_CXX_LANGUAGE_STANDARD = "gnu++14";
				CLANG_CXX_LIBRARY = "libc++";
				CLANG_ENABLE_MODULES = YES;
				CLANG_ENABLE_OBJC_ARC = YES;
				CLANG_ENABLE_OBJC_WEAK = YES;
				CLANG_WARN_BLOCK_CAPTURE_AUTORELEASING = YES;
				CLANG_WARN_BOOL_CONVERSION = YES;
				CLANG_WARN_COMMA = YES;
				CLANG_WARN_CONSTANT_CONVERSION = YES;
				CLANG_WARN_DEPRECATED_OBJC_IMPLEMENTATIONS = YES;
				CLANG_WARN_DIRECT_OBJC_ISA_USAGE = YES_ERROR;
				CLANG_WARN_DOCUMENTATION_COMMENTS = YES;
				CLANG_WARN_EMPTY_BODY = YES;
				CLANG_WARN_ENUM_CONVERSION = YES;
				CLANG_WARN_INFINITE_RECURSION = YES;
				CLANG_WARN_INT_CONVERSION = YES;
				CLANG_WARN_NON_LITERAL_NULL_CONVERSION = YES;
				CLANG_WARN_OBJC_IMPLICIT_RETAIN_SELF = YES;
				CLANG_WARN_OBJC_LITERAL_CONVERSION = YES;
				CLANG_WARN_OBJC_ROOT_CLASS = YES_ERROR;
				CLANG_WARN_RANGE_LOOP_ANALYSIS = YES;
				CLANG_WARN_STRICT_PROTOTYPES = YES;
				CLANG_WARN_SUSPICIOUS_MOVE = YES;
				CLANG_WARN_UNGUARDED_AVAILABILITY = YES_AGGRESSIVE;
				CLANG_WARN_UNREACHABLE_CODE = YES;
				CLANG_WARN__DUPLICATE_METHOD_MATCH = YES;
				CODE_SIGN_IDENTITY = "iPhone Developer";
				COPY_PHASE_STRIP = NO;
				CURRENT_PROJECT_VERSION = 1;
				DEBUG_INFORMATION_FORMAT = "dwarf-with-dsym";
				ENABLE_NS_ASSERTIONS = NO;
				ENABLE_STRICT_OBJC_MSGSEND = YES;
				GCC_C_LANGUAGE_STANDARD = gnu11;
				GCC_NO_COMMON_BLOCKS = YES;
				GCC_WARN_64_TO_32_BIT_CONVERSION = YES;
				GCC_WARN_ABOUT_RETURN_TYPE = YES_ERROR;
				GCC_WARN_UNDECLARED_SELECTOR = YES;
				GCC_WARN_UNINITIALIZED_AUTOS = YES_AGGRESSIVE;
				GCC_WARN_UNUSED_FUNCTION = YES;
				GCC_WARN_UNUSED_VARIABLE = YES;
				IPHONEOS_DEPLOYMENT_TARGET = 12.4;
				MTL_ENABLE_DEBUG_INFO = NO;
				MTL_FAST_MATH = YES;
				SDKROOT = iphoneos;
				SWIFT_COMPILATION_MODE = wholemodule;
				SWIFT_OPTIMIZATION_LEVEL = "-O";
				VALIDATE_PRODUCT = YES;
				VERSIONING_SYSTEM = "apple-generic";
				VERSION_INFO_PREFIX = "";
			};
			name = Release;
		};
		8033FF08232E50CA00F1B233 /* Debug */ = {
			isa = XCBuildConfiguration;
			buildSettings = {
				CODE_SIGN_IDENTITY = "";
				CODE_SIGN_STYLE = Automatic;
				DEFINES_MODULE = YES;
				DEVELOPMENT_TEAM = 4RHHQE5755;
				DYLIB_COMPATIBILITY_VERSION = 1;
				DYLIB_CURRENT_VERSION = 1;
				DYLIB_INSTALL_NAME_BASE = "@rpath";
				INFOPLIST_FILE = RXCDiffArray/Info.plist;
				INSTALL_PATH = "$(LOCAL_LIBRARY_DIR)/Frameworks";
				IPHONEOS_DEPLOYMENT_TARGET = 8.0;
				LD_RUNPATH_SEARCH_PATHS = (
					"$(inherited)",
					"@executable_path/Frameworks",
					"@loader_path/Frameworks",
				);
				OTHER_SWIFT_FLAGS = "";
				PRODUCT_BUNDLE_IDENTIFIER = com.ruixingchenwork.RXCDiffArray;
				PRODUCT_NAME = "$(TARGET_NAME:c99extidentifier)";
				SKIP_INSTALL = YES;
				SWIFT_ACTIVE_COMPILATION_CONDITIONS = DEBUG;
				SWIFT_VERSION = 5.0;
				TARGETED_DEVICE_FAMILY = "1,2";
			};
			name = Debug;
		};
		8033FF09232E50CA00F1B233 /* Release */ = {
			isa = XCBuildConfiguration;
			buildSettings = {
				CODE_SIGN_IDENTITY = "";
				CODE_SIGN_STYLE = Automatic;
				DEFINES_MODULE = YES;
				DEVELOPMENT_TEAM = 4RHHQE5755;
				DYLIB_COMPATIBILITY_VERSION = 1;
				DYLIB_CURRENT_VERSION = 1;
				DYLIB_INSTALL_NAME_BASE = "@rpath";
				INFOPLIST_FILE = RXCDiffArray/Info.plist;
				INSTALL_PATH = "$(LOCAL_LIBRARY_DIR)/Frameworks";
				IPHONEOS_DEPLOYMENT_TARGET = 8.0;
				LD_RUNPATH_SEARCH_PATHS = (
					"$(inherited)",
					"@executable_path/Frameworks",
					"@loader_path/Frameworks",
				);
				OTHER_SWIFT_FLAGS = "";
				PRODUCT_BUNDLE_IDENTIFIER = com.ruixingchenwork.RXCDiffArray;
				PRODUCT_NAME = "$(TARGET_NAME:c99extidentifier)";
				SKIP_INSTALL = YES;
				SWIFT_ACTIVE_COMPILATION_CONDITIONS = "";
				SWIFT_VERSION = 5.0;
				TARGETED_DEVICE_FAMILY = "1,2";
			};
			name = Release;
		};
/* End XCBuildConfiguration section */

/* Begin XCConfigurationList section */
		8033FEF9232E50CA00F1B233 /* Build configuration list for PBXProject "RXCDiffArray" */ = {
			isa = XCConfigurationList;
			buildConfigurations = (
				8033FF05232E50CA00F1B233 /* Debug */,
				8033FF06232E50CA00F1B233 /* Release */,
			);
			defaultConfigurationIsVisible = 0;
			defaultConfigurationName = Release;
		};
		8033FF07232E50CA00F1B233 /* Build configuration list for PBXNativeTarget "RXCDiffArray" */ = {
			isa = XCConfigurationList;
			buildConfigurations = (
				8033FF08232E50CA00F1B233 /* Debug */,
				8033FF09232E50CA00F1B233 /* Release */,
			);
			defaultConfigurationIsVisible = 0;
			defaultConfigurationName = Release;
		};
/* End XCConfigurationList section */
	};
	rootObject = 8033FEF6232E50CA00F1B233 /* Project object */;
}
