// !$*UTF8*$!
{
	archiveVersion = 1;
	classes = {
	};
	objectVersion = 50;
	objects = {

/* Begin PBXBuildFile section */
		802A281E2369218A00AF1248 /* RXCDiffArray.h in Headers */ = {isa = PBXBuildFile; fileRef = 802A281C2369218A00AF1248 /* RXCDiffArray.h */; settings = {ATTRIBUTES = (Public, ); }; };
		8079272A2369770500E05148 /* RXCDiffArray.swift in Sources */ = {isa = PBXBuildFile; fileRef = 8079271C2369770500E05148 /* RXCDiffArray.swift */; };
		8079272B2369770500E05148 /* RDADifference.swift in Sources */ = {isa = PBXBuildFile; fileRef = 8079271D2369770500E05148 /* RDADifference.swift */; };
		8079272C2369770500E05148 /* UITableView+RDAExtension.swift in Sources */ = {isa = PBXBuildFile; fileRef = 807927202369770500E05148 /* UITableView+RDAExtension.swift */; };
		8079272D2369770500E05148 /* UICollectionView+RDAExtension.swift in Sources */ = {isa = PBXBuildFile; fileRef = 807927212369770500E05148 /* UICollectionView+RDAExtension.swift */; };
		8079272E2369770500E05148 /* ASCollectionNode+RDAExtension.swift in Sources */ = {isa = PBXBuildFile; fileRef = 807927232369770500E05148 /* ASCollectionNode+RDAExtension.swift */; };
		8079272F2369770500E05148 /* ASTableNode+RDAExtension.swift in Sources */ = {isa = PBXBuildFile; fileRef = 807927242369770500E05148 /* ASTableNode+RDAExtension.swift */; };
		807927302369770500E05148 /* RXCDiffArray+DifferenceKit.swift in Sources */ = {isa = PBXBuildFile; fileRef = 807927262369770500E05148 /* RXCDiffArray+DifferenceKit.swift */; };
		807927322369770500E05148 /* RDATableViewAnimations.swift in Sources */ = {isa = PBXBuildFile; fileRef = 807927282369770500E05148 /* RDATableViewAnimations.swift */; };
		80F8157C23702F0D001030D9 /* RDADifference+DifferenceKit.swift in Sources */ = {isa = PBXBuildFile; fileRef = 80F8157B23702F0D001030D9 /* RDADifference+DifferenceKit.swift */; };
		D3838DCBA27A6F11CE44B9A0 /* Pods_RXCDiffArray.framework in Frameworks */ = {isa = PBXBuildFile; fileRef = 0EB1FE5FC5A591BDF6CAEF22 /* Pods_RXCDiffArray.framework */; };
/* End PBXBuildFile section */

/* Begin PBXFileReference section */
		0EB1FE5FC5A591BDF6CAEF22 /* Pods_RXCDiffArray.framework */ = {isa = PBXFileReference; explicitFileType = wrapper.framework; includeInIndex = 0; path = Pods_RXCDiffArray.framework; sourceTree = BUILT_PRODUCTS_DIR; };
		802A28192369218A00AF1248 /* RXCDiffArray.framework */ = {isa = PBXFileReference; explicitFileType = wrapper.framework; includeInIndex = 0; path = RXCDiffArray.framework; sourceTree = BUILT_PRODUCTS_DIR; };
		802A281C2369218A00AF1248 /* RXCDiffArray.h */ = {isa = PBXFileReference; lastKnownFileType = sourcecode.c.h; path = RXCDiffArray.h; sourceTree = "<group>"; };
		802A281D2369218A00AF1248 /* Info.plist */ = {isa = PBXFileReference; lastKnownFileType = text.plist.xml; path = Info.plist; sourceTree = "<group>"; };
		8079271C2369770500E05148 /* RXCDiffArray.swift */ = {isa = PBXFileReference; fileEncoding = 4; lastKnownFileType = sourcecode.swift; path = RXCDiffArray.swift; sourceTree = "<group>"; };
		8079271D2369770500E05148 /* RDADifference.swift */ = {isa = PBXFileReference; fileEncoding = 4; lastKnownFileType = sourcecode.swift; path = RDADifference.swift; sourceTree = "<group>"; };
		807927202369770500E05148 /* UITableView+RDAExtension.swift */ = {isa = PBXFileReference; fileEncoding = 4; lastKnownFileType = sourcecode.swift; path = "UITableView+RDAExtension.swift"; sourceTree = "<group>"; };
		807927212369770500E05148 /* UICollectionView+RDAExtension.swift */ = {isa = PBXFileReference; fileEncoding = 4; lastKnownFileType = sourcecode.swift; path = "UICollectionView+RDAExtension.swift"; sourceTree = "<group>"; };
		807927232369770500E05148 /* ASCollectionNode+RDAExtension.swift */ = {isa = PBXFileReference; fileEncoding = 4; lastKnownFileType = sourcecode.swift; path = "ASCollectionNode+RDAExtension.swift"; sourceTree = "<group>"; };
		807927242369770500E05148 /* ASTableNode+RDAExtension.swift */ = {isa = PBXFileReference; fileEncoding = 4; lastKnownFileType = sourcecode.swift; path = "ASTableNode+RDAExtension.swift"; sourceTree = "<group>"; };
		807927262369770500E05148 /* RXCDiffArray+DifferenceKit.swift */ = {isa = PBXFileReference; fileEncoding = 4; lastKnownFileType = sourcecode.swift; path = "RXCDiffArray+DifferenceKit.swift"; sourceTree = "<group>"; };
		807927282369770500E05148 /* RDATableViewAnimations.swift */ = {isa = PBXFileReference; fileEncoding = 4; lastKnownFileType = sourcecode.swift; path = RDATableViewAnimations.swift; sourceTree = "<group>"; };
		80F8157B23702F0D001030D9 /* RDADifference+DifferenceKit.swift */ = {isa = PBXFileReference; lastKnownFileType = sourcecode.swift; path = "RDADifference+DifferenceKit.swift"; sourceTree = "<group>"; };
		E8D6287D9AB2FA31C22C477D /* Pods-RXCDiffArray.release.xcconfig */ = {isa = PBXFileReference; includeInIndex = 1; lastKnownFileType = text.xcconfig; name = "Pods-RXCDiffArray.release.xcconfig"; path = "Target Support Files/Pods-RXCDiffArray/Pods-RXCDiffArray.release.xcconfig"; sourceTree = "<group>"; };
		F7B942462ED8341A43D756B6 /* Pods-RXCDiffArray.debug.xcconfig */ = {isa = PBXFileReference; includeInIndex = 1; lastKnownFileType = text.xcconfig; name = "Pods-RXCDiffArray.debug.xcconfig"; path = "Target Support Files/Pods-RXCDiffArray/Pods-RXCDiffArray.debug.xcconfig"; sourceTree = "<group>"; };
/* End PBXFileReference section */

/* Begin PBXFrameworksBuildPhase section */
		802A28162369218A00AF1248 /* Frameworks */ = {
			isa = PBXFrameworksBuildPhase;
			buildActionMask = 2147483647;
			files = (
				D3838DCBA27A6F11CE44B9A0 /* Pods_RXCDiffArray.framework in Frameworks */,
			);
			runOnlyForDeploymentPostprocessing = 0;
		};
/* End PBXFrameworksBuildPhase section */

/* Begin PBXGroup section */
		2D6134B199BD5B982D678D95 /* Frameworks */ = {
			isa = PBXGroup;
			children = (
				0EB1FE5FC5A591BDF6CAEF22 /* Pods_RXCDiffArray.framework */,
			);
			name = Frameworks;
			sourceTree = "<group>";
		};
		802A280F2369218900AF1248 = {
			isa = PBXGroup;
			children = (
				8079271B2369770500E05148 /* Source */,
				802A281B2369218A00AF1248 /* RXCDiffArray */,
				802A281A2369218A00AF1248 /* Products */,
				96037BCD8EA4D2B755862C4C /* Pods */,
				2D6134B199BD5B982D678D95 /* Frameworks */,
			);
			sourceTree = "<group>";
		};
		802A281A2369218A00AF1248 /* Products */ = {
			isa = PBXGroup;
			children = (
				802A28192369218A00AF1248 /* RXCDiffArray.framework */,
			);
			name = Products;
			sourceTree = "<group>";
		};
		802A281B2369218A00AF1248 /* RXCDiffArray */ = {
			isa = PBXGroup;
			children = (
				802A281C2369218A00AF1248 /* RXCDiffArray.h */,
				802A281D2369218A00AF1248 /* Info.plist */,
			);
			path = RXCDiffArray;
			sourceTree = "<group>";
		};
		8079271B2369770500E05148 /* Source */ = {
			isa = PBXGroup;
			children = (
				8079271E2369770500E05148 /* Extension */,
				807927252369770500E05148 /* DifferenceKit */,
				8079271C2369770500E05148 /* RXCDiffArray.swift */,
				8079271D2369770500E05148 /* RDADifference.swift */,
				807927282369770500E05148 /* RDATableViewAnimations.swift */,
			);
			path = Source;
			sourceTree = "<group>";
		};
		8079271E2369770500E05148 /* Extension */ = {
			isa = PBXGroup;
			children = (
				8079271F2369770500E05148 /* UIKit */,
				807927222369770500E05148 /* ASDK */,
			);
			path = Extension;
			sourceTree = "<group>";
		};
		8079271F2369770500E05148 /* UIKit */ = {
			isa = PBXGroup;
			children = (
				807927202369770500E05148 /* UITableView+RDAExtension.swift */,
				807927212369770500E05148 /* UICollectionView+RDAExtension.swift */,
			);
			path = UIKit;
			sourceTree = "<group>";
		};
		807927222369770500E05148 /* ASDK */ = {
			isa = PBXGroup;
			children = (
				807927232369770500E05148 /* ASCollectionNode+RDAExtension.swift */,
				807927242369770500E05148 /* ASTableNode+RDAExtension.swift */,
			);
			path = ASDK;
			sourceTree = "<group>";
		};
		807927252369770500E05148 /* DifferenceKit */ = {
			isa = PBXGroup;
			children = (
				807927262369770500E05148 /* RXCDiffArray+DifferenceKit.swift */,
				80F8157B23702F0D001030D9 /* RDADifference+DifferenceKit.swift */,
			);
			path = DifferenceKit;
			sourceTree = "<group>";
		};
		96037BCD8EA4D2B755862C4C /* Pods */ = {
			isa = PBXGroup;
			children = (
				F7B942462ED8341A43D756B6 /* Pods-RXCDiffArray.debug.xcconfig */,
				E8D6287D9AB2FA31C22C477D /* Pods-RXCDiffArray.release.xcconfig */,
			);
			name = Pods;
			path = Pods;
			sourceTree = "<group>";
		};
/* End PBXGroup section */

/* Begin PBXHeadersBuildPhase section */
		802A28142369218A00AF1248 /* Headers */ = {
			isa = PBXHeadersBuildPhase;
			buildActionMask = 2147483647;
			files = (
				802A281E2369218A00AF1248 /* RXCDiffArray.h in Headers */,
			);
			runOnlyForDeploymentPostprocessing = 0;
		};
/* End PBXHeadersBuildPhase section */

/* Begin PBXNativeTarget section */
		802A28182369218A00AF1248 /* RXCDiffArray */ = {
			isa = PBXNativeTarget;
			buildConfigurationList = 802A28212369218A00AF1248 /* Build configuration list for PBXNativeTarget "RXCDiffArray" */;
			buildPhases = (
				5240DE2B3ABFD1276C97773E /* [CP] Check Pods Manifest.lock */,
				802A28142369218A00AF1248 /* Headers */,
				802A28152369218A00AF1248 /* Sources */,
				802A28162369218A00AF1248 /* Frameworks */,
				802A28172369218A00AF1248 /* Resources */,
			);
			buildRules = (
			);
			dependencies = (
			);
			name = RXCDiffArray;
			productName = RXCDiffArray;
			productReference = 802A28192369218A00AF1248 /* RXCDiffArray.framework */;
			productType = "com.apple.product-type.framework";
		};
/* End PBXNativeTarget section */

/* Begin PBXProject section */
		802A28102369218900AF1248 /* Project object */ = {
			isa = PBXProject;
			attributes = {
				LastUpgradeCheck = 1110;
				ORGANIZATIONNAME = ruixingchen;
				TargetAttributes = {
					802A28182369218A00AF1248 = {
						CreatedOnToolsVersion = 11.1;
					};
				};
			};
			buildConfigurationList = 802A28132369218900AF1248 /* Build configuration list for PBXProject "RXCDiffArray" */;
			compatibilityVersion = "Xcode 9.3";
			developmentRegion = en;
			hasScannedForEncodings = 0;
			knownRegions = (
				en,
				Base,
			);
			mainGroup = 802A280F2369218900AF1248;
			productRefGroup = 802A281A2369218A00AF1248 /* Products */;
			projectDirPath = "";
			projectRoot = "";
			targets = (
				802A28182369218A00AF1248 /* RXCDiffArray */,
			);
		};
/* End PBXProject section */

/* Begin PBXResourcesBuildPhase section */
		802A28172369218A00AF1248 /* Resources */ = {
			isa = PBXResourcesBuildPhase;
			buildActionMask = 2147483647;
			files = (
			);
			runOnlyForDeploymentPostprocessing = 0;
		};
/* End PBXResourcesBuildPhase section */

/* Begin PBXShellScriptBuildPhase section */
		5240DE2B3ABFD1276C97773E /* [CP] Check Pods Manifest.lock */ = {
			isa = PBXShellScriptBuildPhase;
			buildActionMask = 2147483647;
			files = (
			);
			inputFileListPaths = (
			);
			inputPaths = (
				"${PODS_PODFILE_DIR_PATH}/Podfile.lock",
				"${PODS_ROOT}/Manifest.lock",
			);
			name = "[CP] Check Pods Manifest.lock";
			outputFileListPaths = (
			);
			outputPaths = (
				"$(DERIVED_FILE_DIR)/Pods-RXCDiffArray-checkManifestLockResult.txt",
			);
			runOnlyForDeploymentPostprocessing = 0;
			shellPath = /bin/sh;
			shellScript = "diff \"${PODS_PODFILE_DIR_PATH}/Podfile.lock\" \"${PODS_ROOT}/Manifest.lock\" > /dev/null\nif [ $? != 0 ] ; then\n    # print error to STDERR\n    echo \"error: The sandbox is not in sync with the Podfile.lock. Run 'pod install' or update your CocoaPods installation.\" >&2\n    exit 1\nfi\n# This output is used by Xcode 'outputs' to avoid re-running this script phase.\necho \"SUCCESS\" > \"${SCRIPT_OUTPUT_FILE_0}\"\n";
			showEnvVarsInLog = 0;
		};
/* End PBXShellScriptBuildPhase section */

/* Begin PBXSourcesBuildPhase section */
		802A28152369218A00AF1248 /* Sources */ = {
			isa = PBXSourcesBuildPhase;
			buildActionMask = 2147483647;
			files = (
				8079272A2369770500E05148 /* RXCDiffArray.swift in Sources */,
				8079272B2369770500E05148 /* RDADifference.swift in Sources */,
				8079272D2369770500E05148 /* UICollectionView+RDAExtension.swift in Sources */,
				807927322369770500E05148 /* RDATableViewAnimations.swift in Sources */,
				8079272C2369770500E05148 /* UITableView+RDAExtension.swift in Sources */,
				8079272F2369770500E05148 /* ASTableNode+RDAExtension.swift in Sources */,
				8079272E2369770500E05148 /* ASCollectionNode+RDAExtension.swift in Sources */,
				807927302369770500E05148 /* RXCDiffArray+DifferenceKit.swift in Sources */,
				80F8157C23702F0D001030D9 /* RDADifference+DifferenceKit.swift in Sources */,
			);
			runOnlyForDeploymentPostprocessing = 0;
		};
/* End PBXSourcesBuildPhase section */

/* Begin XCBuildConfiguration section */
		802A281F2369218A00AF1248 /* Debug */ = {
			isa = XCBuildConfiguration;
			buildSettings = {
				ALWAYS_SEARCH_USER_PATHS = NO;
				CLANG_ANALYZER_NONNULL = YES;
				CLANG_ANALYZER_NUMBER_OBJECT_CONVERSION = YES_AGGRESSIVE;
				CLANG_CXX_LANGUAGE_STANDARD = "gnu++14";
				CLANG_CXX_LIBRARY = "libc++";
				CLANG_ENABLE_MODULES = YES;
				CLANG_ENABLE_OBJC_ARC = YES;
				CLANG_ENABLE_OBJC_WEAK = YES;
				CLANG_WARN_BLOCK_CAPTURE_AUTORELEASING = YES;
				CLANG_WARN_BOOL_CONVERSION = YES;
				CLANG_WARN_COMMA = YES;
				CLANG_WARN_CONSTANT_CONVERSION = YES;
				CLANG_WARN_DEPRECATED_OBJC_IMPLEMENTATIONS = YES;
				CLANG_WARN_DIRECT_OBJC_ISA_USAGE = YES_ERROR;
				CLANG_WARN_DOCUMENTATION_COMMENTS = YES;
				CLANG_WARN_EMPTY_BODY = YES;
				CLANG_WARN_ENUM_CONVERSION = YES;
				CLANG_WARN_INFINITE_RECURSION = YES;
				CLANG_WARN_INT_CONVERSION = YES;
				CLANG_WARN_NON_LITERAL_NULL_CONVERSION = YES;
				CLANG_WARN_OBJC_IMPLICIT_RETAIN_SELF = YES;
				CLANG_WARN_OBJC_LITERAL_CONVERSION = YES;
				CLANG_WARN_OBJC_ROOT_CLASS = YES_ERROR;
				CLANG_WARN_RANGE_LOOP_ANALYSIS = YES;
				CLANG_WARN_STRICT_PROTOTYPES = YES;
				CLANG_WARN_SUSPICIOUS_MOVE = YES;
				CLANG_WARN_UNGUARDED_AVAILABILITY = YES_AGGRESSIVE;
				CLANG_WARN_UNREACHABLE_CODE = YES;
				CLANG_WARN__DUPLICATE_METHOD_MATCH = YES;
				COPY_PHASE_STRIP = NO;
				CURRENT_PROJECT_VERSION = 1;
				DEBUG_INFORMATION_FORMAT = dwarf;
				ENABLE_STRICT_OBJC_MSGSEND = YES;
				ENABLE_TESTABILITY = YES;
				GCC_C_LANGUAGE_STANDARD = gnu11;
				GCC_DYNAMIC_NO_PIC = NO;
				GCC_NO_COMMON_BLOCKS = YES;
				GCC_OPTIMIZATION_LEVEL = 0;
				GCC_PREPROCESSOR_DEFINITIONS = (
					"DEBUG=1",
					"$(inherited)",
				);
				GCC_WARN_64_TO_32_BIT_CONVERSION = YES;
				GCC_WARN_ABOUT_RETURN_TYPE = YES_ERROR;
				GCC_WARN_UNDECLARED_SELECTOR = YES;
				GCC_WARN_UNINITIALIZED_AUTOS = YES_AGGRESSIVE;
				GCC_WARN_UNUSED_FUNCTION = YES;
				GCC_WARN_UNUSED_VARIABLE = YES;
				IPHONEOS_DEPLOYMENT_TARGET = 13.1;
				MTL_ENABLE_DEBUG_INFO = INCLUDE_SOURCE;
				MTL_FAST_MATH = YES;
				ONLY_ACTIVE_ARCH = YES;
				SDKROOT = iphoneos;
				SWIFT_ACTIVE_COMPILATION_CONDITIONS = DEBUG;
				SWIFT_OPTIMIZATION_LEVEL = "-Onone";
				VERSIONING_SYSTEM = "apple-generic";
				VERSION_INFO_PREFIX = "";
			};
			name = Debug;
		};
		802A28202369218A00AF1248 /* Release */ = {
			isa = XCBuildConfiguration;
			buildSettings = {
				ALWAYS_SEARCH_USER_PATHS = NO;
				CLANG_ANALYZER_NONNULL = YES;
				CLANG_ANALYZER_NUMBER_OBJECT_CONVERSION = YES_AGGRESSIVE;
				CLANG_CXX_LANGUAGE_STANDARD = "gnu++14";
				CLANG_CXX_LIBRARY = "libc++";
				CLANG_ENABLE_MODULES = YES;
				CLANG_ENABLE_OBJC_ARC = YES;
				CLANG_ENABLE_OBJC_WEAK = YES;
				CLANG_WARN_BLOCK_CAPTURE_AUTORELEASING = YES;
				CLANG_WARN_BOOL_CONVERSION = YES;
				CLANG_WARN_COMMA = YES;
				CLANG_WARN_CONSTANT_CONVERSION = YES;
				CLANG_WARN_DEPRECATED_OBJC_IMPLEMENTATIONS = YES;
				CLANG_WARN_DIRECT_OBJC_ISA_USAGE = YES_ERROR;
				CLANG_WARN_DOCUMENTATION_COMMENTS = YES;
				CLANG_WARN_EMPTY_BODY = YES;
				CLANG_WARN_ENUM_CONVERSION = YES;
				CLANG_WARN_INFINITE_RECURSION = YES;
				CLANG_WARN_INT_CONVERSION = YES;
				CLANG_WARN_NON_LITERAL_NULL_CONVERSION = YES;
				CLANG_WARN_OBJC_IMPLICIT_RETAIN_SELF = YES;
				CLANG_WARN_OBJC_LITERAL_CONVERSION = YES;
				CLANG_WARN_OBJC_ROOT_CLASS = YES_ERROR;
				CLANG_WARN_RANGE_LOOP_ANALYSIS = YES;
				CLANG_WARN_STRICT_PROTOTYPES = YES;
				CLANG_WARN_SUSPICIOUS_MOVE = YES;
				CLANG_WARN_UNGUARDED_AVAILABILITY = YES_AGGRESSIVE;
				CLANG_WARN_UNREACHABLE_CODE = YES;
				CLANG_WARN__DUPLICATE_METHOD_MATCH = YES;
				COPY_PHASE_STRIP = NO;
				CURRENT_PROJECT_VERSION = 1;
				DEBUG_INFORMATION_FORMAT = "dwarf-with-dsym";
				ENABLE_NS_ASSERTIONS = NO;
				ENABLE_STRICT_OBJC_MSGSEND = YES;
				GCC_C_LANGUAGE_STANDARD = gnu11;
				GCC_NO_COMMON_BLOCKS = YES;
				GCC_WARN_64_TO_32_BIT_CONVERSION = YES;
				GCC_WARN_ABOUT_RETURN_TYPE = YES_ERROR;
				GCC_WARN_UNDECLARED_SELECTOR = YES;
				GCC_WARN_UNINITIALIZED_AUTOS = YES_AGGRESSIVE;
				GCC_WARN_UNUSED_FUNCTION = YES;
				GCC_WARN_UNUSED_VARIABLE = YES;
				IPHONEOS_DEPLOYMENT_TARGET = 13.1;
				MTL_ENABLE_DEBUG_INFO = NO;
				MTL_FAST_MATH = YES;
				SDKROOT = iphoneos;
				SWIFT_COMPILATION_MODE = wholemodule;
				SWIFT_OPTIMIZATION_LEVEL = "-O";
				VALIDATE_PRODUCT = YES;
				VERSIONING_SYSTEM = "apple-generic";
				VERSION_INFO_PREFIX = "";
			};
			name = Release;
		};
		802A28222369218A00AF1248 /* Debug */ = {
			isa = XCBuildConfiguration;
			baseConfigurationReference = F7B942462ED8341A43D756B6 /* Pods-RXCDiffArray.debug.xcconfig */;
			buildSettings = {
				CODE_SIGN_STYLE = Automatic;
				DEFINES_MODULE = YES;
				DEVELOPMENT_TEAM = 977G6XM9PF;
				DYLIB_COMPATIBILITY_VERSION = 1;
				DYLIB_CURRENT_VERSION = 1;
				DYLIB_INSTALL_NAME_BASE = "@rpath";
				INFOPLIST_FILE = RXCDiffArray/Info.plist;
				INSTALL_PATH = "$(LOCAL_LIBRARY_DIR)/Frameworks";
				IPHONEOS_DEPLOYMENT_TARGET = 9.0;
				LD_RUNPATH_SEARCH_PATHS = (
					"$(inherited)",
					"@executable_path/Frameworks",
					"@loader_path/Frameworks",
				);
				MARKETING_VERSION = 1.0;
				PRODUCT_BUNDLE_IDENTIFIER = com.ruixingchen.RXCDiffArray;
				PRODUCT_NAME = "$(TARGET_NAME:c99extidentifier)";
				SKIP_INSTALL = YES;
				SWIFT_VERSION = 5.0;
				TARGETED_DEVICE_FAMILY = "1,2";
			};
			name = Debug;
		};
		802A28232369218A00AF1248 /* Release */ = {
			isa = XCBuildConfiguration;
			baseConfigurationReference = E8D6287D9AB2FA31C22C477D /* Pods-RXCDiffArray.release.xcconfig */;
			buildSettings = {
				CODE_SIGN_STYLE = Automatic;
				DEFINES_MODULE = YES;
				DEVELOPMENT_TEAM = 977G6XM9PF;
				DYLIB_COMPATIBILITY_VERSION = 1;
				DYLIB_CURRENT_VERSION = 1;
				DYLIB_INSTALL_NAME_BASE = "@rpath";
				INFOPLIST_FILE = RXCDiffArray/Info.plist;
				INSTALL_PATH = "$(LOCAL_LIBRARY_DIR)/Frameworks";
				IPHONEOS_DEPLOYMENT_TARGET = 9.0;
				LD_RUNPATH_SEARCH_PATHS = (
					"$(inherited)",
					"@executable_path/Frameworks",
					"@loader_path/Frameworks",
				);
				MARKETING_VERSION = 1.0;
				PRODUCT_BUNDLE_IDENTIFIER = com.ruixingchen.RXCDiffArray;
				PRODUCT_NAME = "$(TARGET_NAME:c99extidentifier)";
				SKIP_INSTALL = YES;
				SWIFT_VERSION = 5.0;
				TARGETED_DEVICE_FAMILY = "1,2";
			};
			name = Release;
		};
/* End XCBuildConfiguration section */

/* Begin XCConfigurationList section */
		802A28132369218900AF1248 /* Build configuration list for PBXProject "RXCDiffArray" */ = {
			isa = XCConfigurationList;
			buildConfigurations = (
				802A281F2369218A00AF1248 /* Debug */,
				802A28202369218A00AF1248 /* Release */,
			);
			defaultConfigurationIsVisible = 0;
			defaultConfigurationName = Release;
		};
		802A28212369218A00AF1248 /* Build configuration list for PBXNativeTarget "RXCDiffArray" */ = {
			isa = XCConfigurationList;
			buildConfigurations = (
				802A28222369218A00AF1248 /* Debug */,
				802A28232369218A00AF1248 /* Release */,
			);
			defaultConfigurationIsVisible = 0;
			defaultConfigurationName = Release;
		};
/* End XCConfigurationList section */
	};
	rootObject = 802A28102369218900AF1248 /* Project object */;
}
