// !$*UTF8*$!
{
	archiveVersion = 1;
	classes = {
	};
	objectVersion = 50;
	objects = {

/* Begin PBXBuildFile section */
		80136FA623277DC900BF72F9 /* DifferenceKit.framework in Frameworks */ = {isa = PBXBuildFile; fileRef = 80136FA323277DC300BF72F9 /* DifferenceKit.framework */; };
		80136FA723277DC900BF72F9 /* DifferenceKit.framework in Embed Frameworks */ = {isa = PBXBuildFile; fileRef = 80136FA323277DC300BF72F9 /* DifferenceKit.framework */; settings = {ATTRIBUTES = (CodeSignOnCopy, RemoveHeadersOnCopy, ); }; };
		80285FD22325FE5D00EA7328 /* RDADifference.swift in Sources */ = {isa = PBXBuildFile; fileRef = 80285FD12325FE5D00EA7328 /* RDADifference.swift */; };
		80B7FABB232CEF1A00F1BE6B /* UITableView+RDAExtension.swift in Sources */ = {isa = PBXBuildFile; fileRef = 80B7FABA232CEF1A00F1BE6B /* UITableView+RDAExtension.swift */; };
		80FBC58523225DB3007CC0E0 /* AppDelegate.swift in Sources */ = {isa = PBXBuildFile; fileRef = 80FBC58423225DB3007CC0E0 /* AppDelegate.swift */; };
		80FBC58923225DB3007CC0E0 /* ViewController.swift in Sources */ = {isa = PBXBuildFile; fileRef = 80FBC58823225DB3007CC0E0 /* ViewController.swift */; };
		80FBC58C23225DB3007CC0E0 /* Main.storyboard in Resources */ = {isa = PBXBuildFile; fileRef = 80FBC58A23225DB3007CC0E0 /* Main.storyboard */; };
		80FBC58E23225DB5007CC0E0 /* Assets.xcassets in Resources */ = {isa = PBXBuildFile; fileRef = 80FBC58D23225DB5007CC0E0 /* Assets.xcassets */; };
		80FBC59123225DB5007CC0E0 /* LaunchScreen.storyboard in Resources */ = {isa = PBXBuildFile; fileRef = 80FBC58F23225DB5007CC0E0 /* LaunchScreen.storyboard */; };
		80FBC59A23225DDD007CC0E0 /* RXCDiffArray.swift in Sources */ = {isa = PBXBuildFile; fileRef = 80FBC59923225DDD007CC0E0 /* RXCDiffArray.swift */; };
/* End PBXBuildFile section */

/* Begin PBXContainerItemProxy section */
		80136FA223277DC300BF72F9 /* PBXContainerItemProxy */ = {
			isa = PBXContainerItemProxy;
			containerPortal = 80136F9D23277DC300BF72F9 /* DifferenceKit.xcodeproj */;
			proxyType = 2;
			remoteGlobalIDString = 6B2DF86E210E2C12004D2D40;
			remoteInfo = DifferenceKit;
		};
		80136FA423277DC300BF72F9 /* PBXContainerItemProxy */ = {
			isa = PBXContainerItemProxy;
			containerPortal = 80136F9D23277DC300BF72F9 /* DifferenceKit.xcodeproj */;
			proxyType = 2;
			remoteGlobalIDString = 6B2DF877210E2C12004D2D40;
			remoteInfo = Tests;
		};
/* End PBXContainerItemProxy section */

/* Begin PBXCopyFilesBuildPhase section */
		80136F9C23277C2600BF72F9 /* Embed Frameworks */ = {
			isa = PBXCopyFilesBuildPhase;
			buildActionMask = 2147483647;
			dstPath = "";
			dstSubfolderSpec = 10;
			files = (
				80136FA723277DC900BF72F9 /* DifferenceKit.framework in Embed Frameworks */,
			);
			name = "Embed Frameworks";
			runOnlyForDeploymentPostprocessing = 0;
		};
/* End PBXCopyFilesBuildPhase section */

/* Begin PBXFileReference section */
		80136F9D23277DC300BF72F9 /* DifferenceKit.xcodeproj */ = {isa = PBXFileReference; lastKnownFileType = "wrapper.pb-project"; name = DifferenceKit.xcodeproj; path = DifferenceKit/DifferenceKit.xcodeproj; sourceTree = "<group>"; };
		80285FD12325FE5D00EA7328 /* RDADifference.swift */ = {isa = PBXFileReference; lastKnownFileType = sourcecode.swift; path = RDADifference.swift; sourceTree = "<group>"; };
		80B7FABA232CEF1A00F1BE6B /* UITableView+RDAExtension.swift */ = {isa = PBXFileReference; lastKnownFileType = sourcecode.swift; path = "UITableView+RDAExtension.swift"; sourceTree = "<group>"; };
		80FBC58123225DB3007CC0E0 /* RXCDiffArrayExample.app */ = {isa = PBXFileReference; explicitFileType = wrapper.application; includeInIndex = 0; path = RXCDiffArrayExample.app; sourceTree = BUILT_PRODUCTS_DIR; };
		80FBC58423225DB3007CC0E0 /* AppDelegate.swift */ = {isa = PBXFileReference; lastKnownFileType = sourcecode.swift; path = AppDelegate.swift; sourceTree = "<group>"; };
		80FBC58823225DB3007CC0E0 /* ViewController.swift */ = {isa = PBXFileReference; lastKnownFileType = sourcecode.swift; path = ViewController.swift; sourceTree = "<group>"; };
		80FBC58B23225DB3007CC0E0 /* Base */ = {isa = PBXFileReference; lastKnownFileType = file.storyboard; name = Base; path = Base.lproj/Main.storyboard; sourceTree = "<group>"; };
		80FBC58D23225DB5007CC0E0 /* Assets.xcassets */ = {isa = PBXFileReference; lastKnownFileType = folder.assetcatalog; path = Assets.xcassets; sourceTree = "<group>"; };
		80FBC59023225DB5007CC0E0 /* Base */ = {isa = PBXFileReference; lastKnownFileType = file.storyboard; name = Base; path = Base.lproj/LaunchScreen.storyboard; sourceTree = "<group>"; };
		80FBC59223225DB5007CC0E0 /* Info.plist */ = {isa = PBXFileReference; lastKnownFileType = text.plist.xml; path = Info.plist; sourceTree = "<group>"; };
		80FBC59923225DDD007CC0E0 /* RXCDiffArray.swift */ = {isa = PBXFileReference; fileEncoding = 4; lastKnownFileType = sourcecode.swift; path = RXCDiffArray.swift; sourceTree = "<group>"; };
/* End PBXFileReference section */

/* Begin PBXFrameworksBuildPhase section */
		80FBC57E23225DB3007CC0E0 /* Frameworks */ = {
			isa = PBXFrameworksBuildPhase;
			buildActionMask = 2147483647;
			files = (
				80136FA623277DC900BF72F9 /* DifferenceKit.framework in Frameworks */,
			);
			runOnlyForDeploymentPostprocessing = 0;
		};
/* End PBXFrameworksBuildPhase section */

/* Begin PBXGroup section */
		80136F9723277C2500BF72F9 /* Frameworks */ = {
			isa = PBXGroup;
			children = (
			);
			name = Frameworks;
			sourceTree = "<group>";
		};
		80136F9E23277DC300BF72F9 /* Products */ = {
			isa = PBXGroup;
			children = (
				80136FA323277DC300BF72F9 /* DifferenceKit.framework */,
				80136FA523277DC300BF72F9 /* Tests.xctest */,
			);
			name = Products;
			sourceTree = "<group>";
		};
		80B7FAB7232CEEF400F1BE6B /* Extension */ = {
			isa = PBXGroup;
			children = (
				80B7FABA232CEF1A00F1BE6B /* UITableView+RDAExtension.swift */,
			);
			path = Extension;
			sourceTree = "<group>";
		};
		80FBC57823225DB3007CC0E0 = {
			isa = PBXGroup;
			children = (
				80136F9D23277DC300BF72F9 /* DifferenceKit.xcodeproj */,
				80FBC59823225DCB007CC0E0 /* Source */,
				80FBC58323225DB3007CC0E0 /* RXCDiffArrayExample */,
				80FBC58223225DB3007CC0E0 /* Products */,
				80136F9723277C2500BF72F9 /* Frameworks */,
			);
			sourceTree = "<group>";
		};
		80FBC58223225DB3007CC0E0 /* Products */ = {
			isa = PBXGroup;
			children = (
				80FBC58123225DB3007CC0E0 /* RXCDiffArrayExample.app */,
			);
			name = Products;
			sourceTree = "<group>";
		};
		80FBC58323225DB3007CC0E0 /* RXCDiffArrayExample */ = {
			isa = PBXGroup;
			children = (
				80FBC58423225DB3007CC0E0 /* AppDelegate.swift */,
				80FBC58823225DB3007CC0E0 /* ViewController.swift */,
				80FBC58A23225DB3007CC0E0 /* Main.storyboard */,
				80FBC58D23225DB5007CC0E0 /* Assets.xcassets */,
				80FBC58F23225DB5007CC0E0 /* LaunchScreen.storyboard */,
				80FBC59223225DB5007CC0E0 /* Info.plist */,
			);
			path = RXCDiffArrayExample;
			sourceTree = "<group>";
		};
		80FBC59823225DCB007CC0E0 /* Source */ = {
			isa = PBXGroup;
			children = (
				80B7FAB7232CEEF400F1BE6B /* Extension */,
				80FBC59923225DDD007CC0E0 /* RXCDiffArray.swift */,
				80285FD12325FE5D00EA7328 /* RDADifference.swift */,
			);
			name = Source;
			path = ../Source;
			sourceTree = "<group>";
		};
/* End PBXGroup section */

/* Begin PBXNativeTarget section */
		80FBC58023225DB3007CC0E0 /* RXCDiffArrayExample */ = {
			isa = PBXNativeTarget;
			buildConfigurationList = 80FBC59523225DB5007CC0E0 /* Build configuration list for PBXNativeTarget "RXCDiffArrayExample" */;
			buildPhases = (
				80FBC57D23225DB3007CC0E0 /* Sources */,
				80FBC57E23225DB3007CC0E0 /* Frameworks */,
				80FBC57F23225DB3007CC0E0 /* Resources */,
				80136F9C23277C2600BF72F9 /* Embed Frameworks */,
			);
			buildRules = (
			);
			dependencies = (
			);
			name = RXCDiffArrayExample;
			productName = RXCDiffArrayExample;
			productReference = 80FBC58123225DB3007CC0E0 /* RXCDiffArrayExample.app */;
			productType = "com.apple.product-type.application";
		};
/* End PBXNativeTarget section */

/* Begin PBXProject section */
		80FBC57923225DB3007CC0E0 /* Project object */ = {
			isa = PBXProject;
			attributes = {
				LastSwiftUpdateCheck = 1100;
				LastUpgradeCheck = 1100;
				ORGANIZATIONNAME = ruixingchen;
				TargetAttributes = {
					80FBC58023225DB3007CC0E0 = {
						CreatedOnToolsVersion = 11.0;
					};
				};
			};
			buildConfigurationList = 80FBC57C23225DB3007CC0E0 /* Build configuration list for PBXProject "RXCDiffArrayExample" */;
			compatibilityVersion = "Xcode 9.3";
			developmentRegion = en;
			hasScannedForEncodings = 0;
			knownRegions = (
				en,
				Base,
			);
			mainGroup = 80FBC57823225DB3007CC0E0;
			productRefGroup = 80FBC58223225DB3007CC0E0 /* Products */;
			projectDirPath = "";
			projectReferences = (
				{
					ProductGroup = 80136F9E23277DC300BF72F9 /* Products */;
					ProjectRef = 80136F9D23277DC300BF72F9 /* DifferenceKit.xcodeproj */;
				},
			);
			projectRoot = "";
			targets = (
				80FBC58023225DB3007CC0E0 /* RXCDiffArrayExample */,
			);
		};
/* End PBXProject section */

/* Begin PBXReferenceProxy section */
		80136FA323277DC300BF72F9 /* DifferenceKit.framework */ = {
			isa = PBXReferenceProxy;
			fileType = wrapper.framework;
			path = DifferenceKit.framework;
			remoteRef = 80136FA223277DC300BF72F9 /* PBXContainerItemProxy */;
			sourceTree = BUILT_PRODUCTS_DIR;
		};
		80136FA523277DC300BF72F9 /* Tests.xctest */ = {
			isa = PBXReferenceProxy;
			fileType = wrapper.cfbundle;
			path = Tests.xctest;
			remoteRef = 80136FA423277DC300BF72F9 /* PBXContainerItemProxy */;
			sourceTree = BUILT_PRODUCTS_DIR;
		};
/* End PBXReferenceProxy section */

/* Begin PBXResourcesBuildPhase section */
		80FBC57F23225DB3007CC0E0 /* Resources */ = {
			isa = PBXResourcesBuildPhase;
			buildActionMask = 2147483647;
			files = (
				80FBC59123225DB5007CC0E0 /* LaunchScreen.storyboard in Resources */,
				80FBC58E23225DB5007CC0E0 /* Assets.xcassets in Resources */,
				80FBC58C23225DB3007CC0E0 /* Main.storyboard in Resources */,
			);
			runOnlyForDeploymentPostprocessing = 0;
		};
/* End PBXResourcesBuildPhase section */

/* Begin PBXSourcesBuildPhase section */
		80FBC57D23225DB3007CC0E0 /* Sources */ = {
			isa = PBXSourcesBuildPhase;
			buildActionMask = 2147483647;
			files = (
				80285FD22325FE5D00EA7328 /* RDADifference.swift in Sources */,
				80FBC59A23225DDD007CC0E0 /* RXCDiffArray.swift in Sources */,
				80FBC58923225DB3007CC0E0 /* ViewController.swift in Sources */,
				80FBC58523225DB3007CC0E0 /* AppDelegate.swift in Sources */,
				80B7FABB232CEF1A00F1BE6B /* UITableView+RDAExtension.swift in Sources */,
			);
			runOnlyForDeploymentPostprocessing = 0;
		};
/* End PBXSourcesBuildPhase section */

/* Begin PBXVariantGroup section */
		80FBC58A23225DB3007CC0E0 /* Main.storyboard */ = {
			isa = PBXVariantGroup;
			children = (
				80FBC58B23225DB3007CC0E0 /* Base */,
			);
			name = Main.storyboard;
			sourceTree = "<group>";
		};
		80FBC58F23225DB5007CC0E0 /* LaunchScreen.storyboard */ = {
			isa = PBXVariantGroup;
			children = (
				80FBC59023225DB5007CC0E0 /* Base */,
			);
			name = LaunchScreen.storyboard;
			sourceTree = "<group>";
		};
/* End PBXVariantGroup section */

/* Begin XCBuildConfiguration section */
		80FBC59323225DB5007CC0E0 /* Debug */ = {
			isa = XCBuildConfiguration;
			buildSettings = {
				ALWAYS_SEARCH_USER_PATHS = NO;
				CLANG_ANALYZER_NONNULL = YES;
				CLANG_ANALYZER_NUMBER_OBJECT_CONVERSION = YES_AGGRESSIVE;
				CLANG_CXX_LANGUAGE_STANDARD = "gnu++14";
				CLANG_CXX_LIBRARY = "libc++";
				CLANG_ENABLE_MODULES = YES;
				CLANG_ENABLE_OBJC_ARC = YES;
				CLANG_ENABLE_OBJC_WEAK = YES;
				CLANG_WARN_BLOCK_CAPTURE_AUTORELEASING = YES;
				CLANG_WARN_BOOL_CONVERSION = YES;
				CLANG_WARN_COMMA = YES;
				CLANG_WARN_CONSTANT_CONVERSION = YES;
				CLANG_WARN_DEPRECATED_OBJC_IMPLEMENTATIONS = YES;
				CLANG_WARN_DIRECT_OBJC_ISA_USAGE = YES_ERROR;
				CLANG_WARN_DOCUMENTATION_COMMENTS = YES;
				CLANG_WARN_EMPTY_BODY = YES;
				CLANG_WARN_ENUM_CONVERSION = YES;
				CLANG_WARN_INFINITE_RECURSION = YES;
				CLANG_WARN_INT_CONVERSION = YES;
				CLANG_WARN_NON_LITERAL_NULL_CONVERSION = YES;
				CLANG_WARN_OBJC_IMPLICIT_RETAIN_SELF = YES;
				CLANG_WARN_OBJC_LITERAL_CONVERSION = YES;
				CLANG_WARN_OBJC_ROOT_CLASS = YES_ERROR;
				CLANG_WARN_RANGE_LOOP_ANALYSIS = YES;
				CLANG_WARN_STRICT_PROTOTYPES = YES;
				CLANG_WARN_SUSPICIOUS_MOVE = YES;
				CLANG_WARN_UNGUARDED_AVAILABILITY = YES_AGGRESSIVE;
				CLANG_WARN_UNREACHABLE_CODE = YES;
				CLANG_WARN__DUPLICATE_METHOD_MATCH = YES;
				COPY_PHASE_STRIP = NO;
				DEBUG_INFORMATION_FORMAT = dwarf;
				ENABLE_STRICT_OBJC_MSGSEND = YES;
				ENABLE_TESTABILITY = YES;
				GCC_C_LANGUAGE_STANDARD = gnu11;
				GCC_DYNAMIC_NO_PIC = NO;
				GCC_NO_COMMON_BLOCKS = YES;
				GCC_OPTIMIZATION_LEVEL = 0;
				GCC_PREPROCESSOR_DEFINITIONS = (
					"DEBUG=1",
					"$(inherited)",
				);
				GCC_WARN_64_TO_32_BIT_CONVERSION = YES;
				GCC_WARN_ABOUT_RETURN_TYPE = YES_ERROR;
				GCC_WARN_UNDECLARED_SELECTOR = YES;
				GCC_WARN_UNINITIALIZED_AUTOS = YES_AGGRESSIVE;
				GCC_WARN_UNUSED_FUNCTION = YES;
				GCC_WARN_UNUSED_VARIABLE = YES;
				IPHONEOS_DEPLOYMENT_TARGET = 13.0;
				MTL_ENABLE_DEBUG_INFO = INCLUDE_SOURCE;
				MTL_FAST_MATH = YES;
				ONLY_ACTIVE_ARCH = YES;
				SDKROOT = iphoneos;
				SWIFT_ACTIVE_COMPILATION_CONDITIONS = DEBUG;
				SWIFT_OPTIMIZATION_LEVEL = "-Onone";
			};
			name = Debug;
		};
		80FBC59423225DB5007CC0E0 /* Release */ = {
			isa = XCBuildConfiguration;
			buildSettings = {
				ALWAYS_SEARCH_USER_PATHS = NO;
				CLANG_ANALYZER_NONNULL = YES;
				CLANG_ANALYZER_NUMBER_OBJECT_CONVERSION = YES_AGGRESSIVE;
				CLANG_CXX_LANGUAGE_STANDARD = "gnu++14";
				CLANG_CXX_LIBRARY = "libc++";
				CLANG_ENABLE_MODULES = YES;
				CLANG_ENABLE_OBJC_ARC = YES;
				CLANG_ENABLE_OBJC_WEAK = YES;
				CLANG_WARN_BLOCK_CAPTURE_AUTORELEASING = YES;
				CLANG_WARN_BOOL_CONVERSION = YES;
				CLANG_WARN_COMMA = YES;
				CLANG_WARN_CONSTANT_CONVERSION = YES;
				CLANG_WARN_DEPRECATED_OBJC_IMPLEMENTATIONS = YES;
				CLANG_WARN_DIRECT_OBJC_ISA_USAGE = YES_ERROR;
				CLANG_WARN_DOCUMENTATION_COMMENTS = YES;
				CLANG_WARN_EMPTY_BODY = YES;
				CLANG_WARN_ENUM_CONVERSION = YES;
				CLANG_WARN_INFINITE_RECURSION = YES;
				CLANG_WARN_INT_CONVERSION = YES;
				CLANG_WARN_NON_LITERAL_NULL_CONVERSION = YES;
				CLANG_WARN_OBJC_IMPLICIT_RETAIN_SELF = YES;
				CLANG_WARN_OBJC_LITERAL_CONVERSION = YES;
				CLANG_WARN_OBJC_ROOT_CLASS = YES_ERROR;
				CLANG_WARN_RANGE_LOOP_ANALYSIS = YES;
				CLANG_WARN_STRICT_PROTOTYPES = YES;
				CLANG_WARN_SUSPICIOUS_MOVE = YES;
				CLANG_WARN_UNGUARDED_AVAILABILITY = YES_AGGRESSIVE;
				CLANG_WARN_UNREACHABLE_CODE = YES;
				CLANG_WARN__DUPLICATE_METHOD_MATCH = YES;
				COPY_PHASE_STRIP = NO;
				DEBUG_INFORMATION_FORMAT = "dwarf-with-dsym";
				ENABLE_NS_ASSERTIONS = NO;
				ENABLE_STRICT_OBJC_MSGSEND = YES;
				GCC_C_LANGUAGE_STANDARD = gnu11;
				GCC_NO_COMMON_BLOCKS = YES;
				GCC_WARN_64_TO_32_BIT_CONVERSION = YES;
				GCC_WARN_ABOUT_RETURN_TYPE = YES_ERROR;
				GCC_WARN_UNDECLARED_SELECTOR = YES;
				GCC_WARN_UNINITIALIZED_AUTOS = YES_AGGRESSIVE;
				GCC_WARN_UNUSED_FUNCTION = YES;
				GCC_WARN_UNUSED_VARIABLE = YES;
				IPHONEOS_DEPLOYMENT_TARGET = 13.0;
				MTL_ENABLE_DEBUG_INFO = NO;
				MTL_FAST_MATH = YES;
				SDKROOT = iphoneos;
				SWIFT_COMPILATION_MODE = wholemodule;
				SWIFT_OPTIMIZATION_LEVEL = "-O";
				VALIDATE_PRODUCT = YES;
			};
			name = Release;
		};
		80FBC59623225DB5007CC0E0 /* Debug */ = {
			isa = XCBuildConfiguration;
			buildSettings = {
				ASSETCATALOG_COMPILER_APPICON_NAME = AppIcon;
				CODE_SIGN_STYLE = Automatic;
				DEVELOPMENT_TEAM = 4RHHQE5755;
				INFOPLIST_FILE = RXCDiffArrayExample/Info.plist;
				IPHONEOS_DEPLOYMENT_TARGET = 10.0;
				LD_RUNPATH_SEARCH_PATHS = (
					"$(inherited)",
					"@executable_path/Frameworks",
				);
				PRODUCT_BUNDLE_IDENTIFIER = com.ruixingchenwork.RXCDiffArrayExample;
				PRODUCT_NAME = "$(TARGET_NAME)";
				SWIFT_VERSION = 5.0;
				TARGETED_DEVICE_FAMILY = "1,2";
			};
			name = Debug;
		};
		80FBC59723225DB5007CC0E0 /* Release */ = {
			isa = XCBuildConfiguration;
			buildSettings = {
				ASSETCATALOG_COMPILER_APPICON_NAME = AppIcon;
				CODE_SIGN_STYLE = Automatic;
				DEVELOPMENT_TEAM = 4RHHQE5755;
				INFOPLIST_FILE = RXCDiffArrayExample/Info.plist;
				IPHONEOS_DEPLOYMENT_TARGET = 10.0;
				LD_RUNPATH_SEARCH_PATHS = (
					"$(inherited)",
					"@executable_path/Frameworks",
				);
				PRODUCT_BUNDLE_IDENTIFIER = com.ruixingchenwork.RXCDiffArrayExample;
				PRODUCT_NAME = "$(TARGET_NAME)";
				SWIFT_VERSION = 5.0;
				TARGETED_DEVICE_FAMILY = "1,2";
			};
			name = Release;
		};
/* End XCBuildConfiguration section */

/* Begin XCConfigurationList section */
		80FBC57C23225DB3007CC0E0 /* Build configuration list for PBXProject "RXCDiffArrayExample" */ = {
			isa = XCConfigurationList;
			buildConfigurations = (
				80FBC59323225DB5007CC0E0 /* Debug */,
				80FBC59423225DB5007CC0E0 /* Release */,
			);
			defaultConfigurationIsVisible = 0;
			defaultConfigurationName = Release;
		};
		80FBC59523225DB5007CC0E0 /* Build configuration list for PBXNativeTarget "RXCDiffArrayExample" */ = {
			isa = XCConfigurationList;
			buildConfigurations = (
				80FBC59623225DB5007CC0E0 /* Debug */,
				80FBC59723225DB5007CC0E0 /* Release */,
			);
			defaultConfigurationIsVisible = 0;
			defaultConfigurationName = Release;
		};
/* End XCConfigurationList section */
	};
	rootObject = 80FBC57923225DB3007CC0E0 /* Project object */;
}
