// !$*UTF8*$!
{
	archiveVersion = 1;
	classes = {
	};
	objectVersion = 50;
	objects = {

/* Begin PBXBuildFile section */
		14D90D4078D0A3512D4AD097 /* Pods_Example.framework in Frameworks */ = {isa = PBXBuildFile; fileRef = 80AC9CC800B2471D453DD479 /* Pods_Example.framework */; };
		8048918E23950AED0046EA51 /* UITableView+RDAExtension.swift in Sources */ = {isa = PBXBuildFile; fileRef = 8048918323950AED0046EA51 /* UITableView+RDAExtension.swift */; };
		8048918F23950AED0046EA51 /* UICollectionView+RDAExtension.swift in Sources */ = {isa = PBXBuildFile; fileRef = 8048918423950AED0046EA51 /* UICollectionView+RDAExtension.swift */; };
		8048919023950AED0046EA51 /* ASCollectionNode+RDAExtension.swift in Sources */ = {isa = PBXBuildFile; fileRef = 8048918623950AED0046EA51 /* ASCollectionNode+RDAExtension.swift */; };
		8048919123950AED0046EA51 /* ASTableNode+RDAExtension.swift in Sources */ = {isa = PBXBuildFile; fileRef = 8048918723950AED0046EA51 /* ASTableNode+RDAExtension.swift */; };
		8048919223950AED0046EA51 /* RDADifference+DifferenceKit.swift in Sources */ = {isa = PBXBuildFile; fileRef = 8048918923950AED0046EA51 /* RDADifference+DifferenceKit.swift */; };
		8048919323950AED0046EA51 /* RXCDiffArray+DifferenceKit.swift in Sources */ = {isa = PBXBuildFile; fileRef = 8048918A23950AED0046EA51 /* RXCDiffArray+DifferenceKit.swift */; };
		8048919423950AED0046EA51 /* RDADifference.swift in Sources */ = {isa = PBXBuildFile; fileRef = 8048918B23950AED0046EA51 /* RDADifference.swift */; };
		8048919523950AED0046EA51 /* RDATableViewAnimations.swift in Sources */ = {isa = PBXBuildFile; fileRef = 8048918C23950AED0046EA51 /* RDATableViewAnimations.swift */; };
		8048919623950AED0046EA51 /* RXCDiffArray.swift in Sources */ = {isa = PBXBuildFile; fileRef = 8048918D23950AED0046EA51 /* RXCDiffArray.swift */; };
		804CE808236ABD540049B06C /* Entity.swift in Sources */ = {isa = PBXBuildFile; fileRef = 804CE807236ABD540049B06C /* Entity.swift */; };
		804CE80A236ABDF50049B06C /* SimpleCard.swift in Sources */ = {isa = PBXBuildFile; fileRef = 804CE809236ABDF50049B06C /* SimpleCard.swift */; };
		804CE80C236ABE050049B06C /* EntityWrapper.swift in Sources */ = {isa = PBXBuildFile; fileRef = 804CE80B236ABE050049B06C /* EntityWrapper.swift */; };
		804CE80E236ABE150049B06C /* SimpleEntity.swift in Sources */ = {isa = PBXBuildFile; fileRef = 804CE80D236ABE150049B06C /* SimpleEntity.swift */; };
		807927412369777500E05148 /* AppDelegate.swift in Sources */ = {isa = PBXBuildFile; fileRef = 807927402369777500E05148 /* AppDelegate.swift */; };
		807927452369777500E05148 /* ViewController.swift in Sources */ = {isa = PBXBuildFile; fileRef = 807927442369777500E05148 /* ViewController.swift */; };
		807927482369777500E05148 /* Main.storyboard in Resources */ = {isa = PBXBuildFile; fileRef = 807927462369777500E05148 /* Main.storyboard */; };
		8079274A2369777600E05148 /* Assets.xcassets in Resources */ = {isa = PBXBuildFile; fileRef = 807927492369777600E05148 /* Assets.xcassets */; };
		8079274D2369777600E05148 /* LaunchScreen.storyboard in Resources */ = {isa = PBXBuildFile; fileRef = 8079274B2369777600E05148 /* LaunchScreen.storyboard */; };
/* End PBXBuildFile section */

/* Begin PBXFileReference section */
		8048918323950AED0046EA51 /* UITableView+RDAExtension.swift */ = {isa = PBXFileReference; fileEncoding = 4; lastKnownFileType = sourcecode.swift; path = "UITableView+RDAExtension.swift"; sourceTree = "<group>"; };
		8048918423950AED0046EA51 /* UICollectionView+RDAExtension.swift */ = {isa = PBXFileReference; fileEncoding = 4; lastKnownFileType = sourcecode.swift; path = "UICollectionView+RDAExtension.swift"; sourceTree = "<group>"; };
		8048918623950AED0046EA51 /* ASCollectionNode+RDAExtension.swift */ = {isa = PBXFileReference; fileEncoding = 4; lastKnownFileType = sourcecode.swift; path = "ASCollectionNode+RDAExtension.swift"; sourceTree = "<group>"; };
		8048918723950AED0046EA51 /* ASTableNode+RDAExtension.swift */ = {isa = PBXFileReference; fileEncoding = 4; lastKnownFileType = sourcecode.swift; path = "ASTableNode+RDAExtension.swift"; sourceTree = "<group>"; };
		8048918923950AED0046EA51 /* RDADifference+DifferenceKit.swift */ = {isa = PBXFileReference; fileEncoding = 4; lastKnownFileType = sourcecode.swift; path = "RDADifference+DifferenceKit.swift"; sourceTree = "<group>"; };
		8048918A23950AED0046EA51 /* RXCDiffArray+DifferenceKit.swift */ = {isa = PBXFileReference; fileEncoding = 4; lastKnownFileType = sourcecode.swift; path = "RXCDiffArray+DifferenceKit.swift"; sourceTree = "<group>"; };
		8048918B23950AED0046EA51 /* RDADifference.swift */ = {isa = PBXFileReference; fileEncoding = 4; lastKnownFileType = sourcecode.swift; path = RDADifference.swift; sourceTree = "<group>"; };
		8048918C23950AED0046EA51 /* RDATableViewAnimations.swift */ = {isa = PBXFileReference; fileEncoding = 4; lastKnownFileType = sourcecode.swift; path = RDATableViewAnimations.swift; sourceTree = "<group>"; };
		8048918D23950AED0046EA51 /* RXCDiffArray.swift */ = {isa = PBXFileReference; fileEncoding = 4; lastKnownFileType = sourcecode.swift; path = RXCDiffArray.swift; sourceTree = "<group>"; };
		804CE807236ABD540049B06C /* Entity.swift */ = {isa = PBXFileReference; lastKnownFileType = sourcecode.swift; path = Entity.swift; sourceTree = "<group>"; };
		804CE809236ABDF50049B06C /* SimpleCard.swift */ = {isa = PBXFileReference; lastKnownFileType = sourcecode.swift; path = SimpleCard.swift; sourceTree = "<group>"; };
		804CE80B236ABE050049B06C /* EntityWrapper.swift */ = {isa = PBXFileReference; lastKnownFileType = sourcecode.swift; path = EntityWrapper.swift; sourceTree = "<group>"; };
		804CE80D236ABE150049B06C /* SimpleEntity.swift */ = {isa = PBXFileReference; lastKnownFileType = sourcecode.swift; path = SimpleEntity.swift; sourceTree = "<group>"; };
		8079273D2369777500E05148 /* Example.app */ = {isa = PBXFileReference; explicitFileType = wrapper.application; includeInIndex = 0; path = Example.app; sourceTree = BUILT_PRODUCTS_DIR; };
		807927402369777500E05148 /* AppDelegate.swift */ = {isa = PBXFileReference; lastKnownFileType = sourcecode.swift; path = AppDelegate.swift; sourceTree = "<group>"; };
		807927442369777500E05148 /* ViewController.swift */ = {isa = PBXFileReference; lastKnownFileType = sourcecode.swift; path = ViewController.swift; sourceTree = "<group>"; };
		807927472369777500E05148 /* Base */ = {isa = PBXFileReference; lastKnownFileType = file.storyboard; name = Base; path = Base.lproj/Main.storyboard; sourceTree = "<group>"; };
		807927492369777600E05148 /* Assets.xcassets */ = {isa = PBXFileReference; lastKnownFileType = folder.assetcatalog; path = Assets.xcassets; sourceTree = "<group>"; };
		8079274C2369777600E05148 /* Base */ = {isa = PBXFileReference; lastKnownFileType = file.storyboard; name = Base; path = Base.lproj/LaunchScreen.storyboard; sourceTree = "<group>"; };
		8079274E2369777600E05148 /* Info.plist */ = {isa = PBXFileReference; lastKnownFileType = text.plist.xml; path = Info.plist; sourceTree = "<group>"; };
		80AC9CC800B2471D453DD479 /* Pods_Example.framework */ = {isa = PBXFileReference; explicitFileType = wrapper.framework; includeInIndex = 0; path = Pods_Example.framework; sourceTree = BUILT_PRODUCTS_DIR; };
		C1C5A0FF816AAF24742BDF5B /* Pods-Example.debug.xcconfig */ = {isa = PBXFileReference; includeInIndex = 1; lastKnownFileType = text.xcconfig; name = "Pods-Example.debug.xcconfig"; path = "Target Support Files/Pods-Example/Pods-Example.debug.xcconfig"; sourceTree = "<group>"; };
		ED5D282FE41794053525DC52 /* Pods-Example.release.xcconfig */ = {isa = PBXFileReference; includeInIndex = 1; lastKnownFileType = text.xcconfig; name = "Pods-Example.release.xcconfig"; path = "Target Support Files/Pods-Example/Pods-Example.release.xcconfig"; sourceTree = "<group>"; };
/* End PBXFileReference section */

/* Begin PBXFrameworksBuildPhase section */
		8079273A2369777500E05148 /* Frameworks */ = {
			isa = PBXFrameworksBuildPhase;
			buildActionMask = 2147483647;
			files = (
				14D90D4078D0A3512D4AD097 /* Pods_Example.framework in Frameworks */,
			);
			runOnlyForDeploymentPostprocessing = 0;
		};
/* End PBXFrameworksBuildPhase section */

/* Begin PBXGroup section */
		4365E4DD66296FF8EF7E0FB5 /* Frameworks */ = {
			isa = PBXGroup;
			children = (
				80AC9CC800B2471D453DD479 /* Pods_Example.framework */,
			);
			name = Frameworks;
			sourceTree = "<group>";
		};
		8048918023950AED0046EA51 /* Source */ = {
			isa = PBXGroup;
			children = (
				8048918123950AED0046EA51 /* Extension */,
				8048918823950AED0046EA51 /* DifferenceKit */,
				8048918B23950AED0046EA51 /* RDADifference.swift */,
				8048918C23950AED0046EA51 /* RDATableViewAnimations.swift */,
				8048918D23950AED0046EA51 /* RXCDiffArray.swift */,
			);
			name = Source;
			path = ../Source;
			sourceTree = "<group>";
		};
		8048918123950AED0046EA51 /* Extension */ = {
			isa = PBXGroup;
			children = (
				8048918223950AED0046EA51 /* UIKit */,
				8048918523950AED0046EA51 /* ASDK */,
			);
			path = Extension;
			sourceTree = "<group>";
		};
		8048918223950AED0046EA51 /* UIKit */ = {
			isa = PBXGroup;
			children = (
				8048918323950AED0046EA51 /* UITableView+RDAExtension.swift */,
				8048918423950AED0046EA51 /* UICollectionView+RDAExtension.swift */,
			);
			path = UIKit;
			sourceTree = "<group>";
		};
		8048918523950AED0046EA51 /* ASDK */ = {
			isa = PBXGroup;
			children = (
				8048918623950AED0046EA51 /* ASCollectionNode+RDAExtension.swift */,
				8048918723950AED0046EA51 /* ASTableNode+RDAExtension.swift */,
			);
			path = ASDK;
			sourceTree = "<group>";
		};
		8048918823950AED0046EA51 /* DifferenceKit */ = {
			isa = PBXGroup;
			children = (
				8048918923950AED0046EA51 /* RDADifference+DifferenceKit.swift */,
				8048918A23950AED0046EA51 /* RXCDiffArray+DifferenceKit.swift */,
			);
			path = DifferenceKit;
			sourceTree = "<group>";
		};
		807927342369777500E05148 = {
			isa = PBXGroup;
			children = (
				8048918023950AED0046EA51 /* Source */,
				8079273F2369777500E05148 /* Example */,
				8079273E2369777500E05148 /* Products */,
				827E7AB973C392A6E4C3D641 /* Pods */,
				4365E4DD66296FF8EF7E0FB5 /* Frameworks */,
			);
			sourceTree = "<group>";
		};
		8079273E2369777500E05148 /* Products */ = {
			isa = PBXGroup;
			children = (
				8079273D2369777500E05148 /* Example.app */,
			);
			name = Products;
			sourceTree = "<group>";
		};
		8079273F2369777500E05148 /* Example */ = {
			isa = PBXGroup;
			children = (
				807927402369777500E05148 /* AppDelegate.swift */,
				804CE807236ABD540049B06C /* Entity.swift */,
				804CE80B236ABE050049B06C /* EntityWrapper.swift */,
				804CE80D236ABE150049B06C /* SimpleEntity.swift */,
				804CE809236ABDF50049B06C /* SimpleCard.swift */,
				807927442369777500E05148 /* ViewController.swift */,
				807927462369777500E05148 /* Main.storyboard */,
				807927492369777600E05148 /* Assets.xcassets */,
				8079274B2369777600E05148 /* LaunchScreen.storyboard */,
				8079274E2369777600E05148 /* Info.plist */,
			);
			path = Example;
			sourceTree = "<group>";
		};
		827E7AB973C392A6E4C3D641 /* Pods */ = {
			isa = PBXGroup;
			children = (
				C1C5A0FF816AAF24742BDF5B /* Pods-Example.debug.xcconfig */,
				ED5D282FE41794053525DC52 /* Pods-Example.release.xcconfig */,
			);
			path = Pods;
			sourceTree = "<group>";
		};
/* End PBXGroup section */

/* Begin PBXNativeTarget section */
		8079273C2369777500E05148 /* Example */ = {
			isa = PBXNativeTarget;
			buildConfigurationList = 807927512369777600E05148 /* Build configuration list for PBXNativeTarget "Example" */;
			buildPhases = (
				C5BE10916B795E4EB4B5DA88 /* [CP] Check Pods Manifest.lock */,
				807927392369777500E05148 /* Sources */,
				8079273A2369777500E05148 /* Frameworks */,
				8079273B2369777500E05148 /* Resources */,
				7FF0C319E6E370C5B0ECAF9D /* [CP] Embed Pods Frameworks */,
			);
			buildRules = (
			);
			dependencies = (
			);
			name = Example;
			productName = Example;
			productReference = 8079273D2369777500E05148 /* Example.app */;
			productType = "com.apple.product-type.application";
		};
/* End PBXNativeTarget section */

/* Begin PBXProject section */
		807927352369777500E05148 /* Project object */ = {
			isa = PBXProject;
			attributes = {
				LastSwiftUpdateCheck = 1110;
				LastUpgradeCheck = 1110;
				ORGANIZATIONNAME = ruixingchen;
				TargetAttributes = {
					8079273C2369777500E05148 = {
						CreatedOnToolsVersion = 11.1;
					};
				};
			};
			buildConfigurationList = 807927382369777500E05148 /* Build configuration list for PBXProject "Example" */;
			compatibilityVersion = "Xcode 9.3";
			developmentRegion = en;
			hasScannedForEncodings = 0;
			knownRegions = (
				en,
				Base,
			);
			mainGroup = 807927342369777500E05148;
			productRefGroup = 8079273E2369777500E05148 /* Products */;
			projectDirPath = "";
			projectRoot = "";
			targets = (
				8079273C2369777500E05148 /* Example */,
			);
		};
/* End PBXProject section */

/* Begin PBXResourcesBuildPhase section */
		8079273B2369777500E05148 /* Resources */ = {
			isa = PBXResourcesBuildPhase;
			buildActionMask = 2147483647;
			files = (
				8079274D2369777600E05148 /* LaunchScreen.storyboard in Resources */,
				8079274A2369777600E05148 /* Assets.xcassets in Resources */,
				807927482369777500E05148 /* Main.storyboard in Resources */,
			);
			runOnlyForDeploymentPostprocessing = 0;
		};
/* End PBXResourcesBuildPhase section */

/* Begin PBXShellScriptBuildPhase section */
		7FF0C319E6E370C5B0ECAF9D /* [CP] Embed Pods Frameworks */ = {
			isa = PBXShellScriptBuildPhase;
			buildActionMask = 2147483647;
			files = (
			);
			inputFileListPaths = (
				"${PODS_ROOT}/Target Support Files/Pods-Example/Pods-Example-frameworks-${CONFIGURATION}-input-files.xcfilelist",
			);
			name = "[CP] Embed Pods Frameworks";
			outputFileListPaths = (
				"${PODS_ROOT}/Target Support Files/Pods-Example/Pods-Example-frameworks-${CONFIGURATION}-output-files.xcfilelist",
			);
			runOnlyForDeploymentPostprocessing = 0;
			shellPath = /bin/sh;
			shellScript = "\"${PODS_ROOT}/Target Support Files/Pods-Example/Pods-Example-frameworks.sh\"\n";
			showEnvVarsInLog = 0;
		};
		C5BE10916B795E4EB4B5DA88 /* [CP] Check Pods Manifest.lock */ = {
			isa = PBXShellScriptBuildPhase;
			buildActionMask = 2147483647;
			files = (
			);
			inputFileListPaths = (
			);
			inputPaths = (
				"${PODS_PODFILE_DIR_PATH}/Podfile.lock",
				"${PODS_ROOT}/Manifest.lock",
			);
			name = "[CP] Check Pods Manifest.lock";
			outputFileListPaths = (
			);
			outputPaths = (
				"$(DERIVED_FILE_DIR)/Pods-Example-checkManifestLockResult.txt",
			);
			runOnlyForDeploymentPostprocessing = 0;
			shellPath = /bin/sh;
			shellScript = "diff \"${PODS_PODFILE_DIR_PATH}/Podfile.lock\" \"${PODS_ROOT}/Manifest.lock\" > /dev/null\nif [ $? != 0 ] ; then\n    # print error to STDERR\n    echo \"error: The sandbox is not in sync with the Podfile.lock. Run 'pod install' or update your CocoaPods installation.\" >&2\n    exit 1\nfi\n# This output is used by Xcode 'outputs' to avoid re-running this script phase.\necho \"SUCCESS\" > \"${SCRIPT_OUTPUT_FILE_0}\"\n";
			showEnvVarsInLog = 0;
		};
/* End PBXShellScriptBuildPhase section */

/* Begin PBXSourcesBuildPhase section */
		807927392369777500E05148 /* Sources */ = {
			isa = PBXSourcesBuildPhase;
			buildActionMask = 2147483647;
			files = (
				804CE808236ABD540049B06C /* Entity.swift in Sources */,
				804CE80C236ABE050049B06C /* EntityWrapper.swift in Sources */,
				8048919523950AED0046EA51 /* RDATableViewAnimations.swift in Sources */,
				8048919023950AED0046EA51 /* ASCollectionNode+RDAExtension.swift in Sources */,
				8048919223950AED0046EA51 /* RDADifference+DifferenceKit.swift in Sources */,
				8048918F23950AED0046EA51 /* UICollectionView+RDAExtension.swift in Sources */,
				807927452369777500E05148 /* ViewController.swift in Sources */,
				807927412369777500E05148 /* AppDelegate.swift in Sources */,
				8048919423950AED0046EA51 /* RDADifference.swift in Sources */,
				8048919123950AED0046EA51 /* ASTableNode+RDAExtension.swift in Sources */,
				8048919323950AED0046EA51 /* RXCDiffArray+DifferenceKit.swift in Sources */,
				804CE80E236ABE150049B06C /* SimpleEntity.swift in Sources */,
				8048918E23950AED0046EA51 /* UITableView+RDAExtension.swift in Sources */,
				8048919623950AED0046EA51 /* RXCDiffArray.swift in Sources */,
				804CE80A236ABDF50049B06C /* SimpleCard.swift in Sources */,
			);
			runOnlyForDeploymentPostprocessing = 0;
		};
/* End PBXSourcesBuildPhase section */

/* Begin PBXVariantGroup section */
		807927462369777500E05148 /* Main.storyboard */ = {
			isa = PBXVariantGroup;
			children = (
				807927472369777500E05148 /* Base */,
			);
			name = Main.storyboard;
			sourceTree = "<group>";
		};
		8079274B2369777600E05148 /* LaunchScreen.storyboard */ = {
			isa = PBXVariantGroup;
			children = (
				8079274C2369777600E05148 /* Base */,
			);
			name = LaunchScreen.storyboard;
			sourceTree = "<group>";
		};
/* End PBXVariantGroup section */

/* Begin XCBuildConfiguration section */
		8079274F2369777600E05148 /* Debug */ = {
			isa = XCBuildConfiguration;
			buildSettings = {
				ALWAYS_SEARCH_USER_PATHS = NO;
				CLANG_ANALYZER_NONNULL = YES;
				CLANG_ANALYZER_NUMBER_OBJECT_CONVERSION = YES_AGGRESSIVE;
				CLANG_CXX_LANGUAGE_STANDARD = "gnu++14";
				CLANG_CXX_LIBRARY = "libc++";
				CLANG_ENABLE_MODULES = YES;
				CLANG_ENABLE_OBJC_ARC = YES;
				CLANG_ENABLE_OBJC_WEAK = YES;
				CLANG_WARN_BLOCK_CAPTURE_AUTORELEASING = YES;
				CLANG_WARN_BOOL_CONVERSION = YES;
				CLANG_WARN_COMMA = YES;
				CLANG_WARN_CONSTANT_CONVERSION = YES;
				CLANG_WARN_DEPRECATED_OBJC_IMPLEMENTATIONS = YES;
				CLANG_WARN_DIRECT_OBJC_ISA_USAGE = YES_ERROR;
				CLANG_WARN_DOCUMENTATION_COMMENTS = YES;
				CLANG_WARN_EMPTY_BODY = YES;
				CLANG_WARN_ENUM_CONVERSION = YES;
				CLANG_WARN_INFINITE_RECURSION = YES;
				CLANG_WARN_INT_CONVERSION = YES;
				CLANG_WARN_NON_LITERAL_NULL_CONVERSION = YES;
				CLANG_WARN_OBJC_IMPLICIT_RETAIN_SELF = YES;
				CLANG_WARN_OBJC_LITERAL_CONVERSION = YES;
				CLANG_WARN_OBJC_ROOT_CLASS = YES_ERROR;
				CLANG_WARN_RANGE_LOOP_ANALYSIS = YES;
				CLANG_WARN_STRICT_PROTOTYPES = YES;
				CLANG_WARN_SUSPICIOUS_MOVE = YES;
				CLANG_WARN_UNGUARDED_AVAILABILITY = YES_AGGRESSIVE;
				CLANG_WARN_UNREACHABLE_CODE = YES;
				CLANG_WARN__DUPLICATE_METHOD_MATCH = YES;
				COPY_PHASE_STRIP = NO;
				DEBUG_INFORMATION_FORMAT = dwarf;
				ENABLE_STRICT_OBJC_MSGSEND = YES;
				ENABLE_TESTABILITY = YES;
				GCC_C_LANGUAGE_STANDARD = gnu11;
				GCC_DYNAMIC_NO_PIC = NO;
				GCC_NO_COMMON_BLOCKS = YES;
				GCC_OPTIMIZATION_LEVEL = 0;
				GCC_PREPROCESSOR_DEFINITIONS = (
					"DEBUG=1",
					"$(inherited)",
				);
				GCC_WARN_64_TO_32_BIT_CONVERSION = YES;
				GCC_WARN_ABOUT_RETURN_TYPE = YES_ERROR;
				GCC_WARN_UNDECLARED_SELECTOR = YES;
				GCC_WARN_UNINITIALIZED_AUTOS = YES_AGGRESSIVE;
				GCC_WARN_UNUSED_FUNCTION = YES;
				GCC_WARN_UNUSED_VARIABLE = YES;
				IPHONEOS_DEPLOYMENT_TARGET = 13.1;
				MTL_ENABLE_DEBUG_INFO = INCLUDE_SOURCE;
				MTL_FAST_MATH = YES;
				ONLY_ACTIVE_ARCH = YES;
				SDKROOT = iphoneos;
				SWIFT_ACTIVE_COMPILATION_CONDITIONS = DEBUG;
				SWIFT_OPTIMIZATION_LEVEL = "-Onone";
			};
			name = Debug;
		};
		807927502369777600E05148 /* Release */ = {
			isa = XCBuildConfiguration;
			buildSettings = {
				ALWAYS_SEARCH_USER_PATHS = NO;
				CLANG_ANALYZER_NONNULL = YES;
				CLANG_ANALYZER_NUMBER_OBJECT_CONVERSION = YES_AGGRESSIVE;
				CLANG_CXX_LANGUAGE_STANDARD = "gnu++14";
				CLANG_CXX_LIBRARY = "libc++";
				CLANG_ENABLE_MODULES = YES;
				CLANG_ENABLE_OBJC_ARC = YES;
				CLANG_ENABLE_OBJC_WEAK = YES;
				CLANG_WARN_BLOCK_CAPTURE_AUTORELEASING = YES;
				CLANG_WARN_BOOL_CONVERSION = YES;
				CLANG_WARN_COMMA = YES;
				CLANG_WARN_CONSTANT_CONVERSION = YES;
				CLANG_WARN_DEPRECATED_OBJC_IMPLEMENTATIONS = YES;
				CLANG_WARN_DIRECT_OBJC_ISA_USAGE = YES_ERROR;
				CLANG_WARN_DOCUMENTATION_COMMENTS = YES;
				CLANG_WARN_EMPTY_BODY = YES;
				CLANG_WARN_ENUM_CONVERSION = YES;
				CLANG_WARN_INFINITE_RECURSION = YES;
				CLANG_WARN_INT_CONVERSION = YES;
				CLANG_WARN_NON_LITERAL_NULL_CONVERSION = YES;
				CLANG_WARN_OBJC_IMPLICIT_RETAIN_SELF = YES;
				CLANG_WARN_OBJC_LITERAL_CONVERSION = YES;
				CLANG_WARN_OBJC_ROOT_CLASS = YES_ERROR;
				CLANG_WARN_RANGE_LOOP_ANALYSIS = YES;
				CLANG_WARN_STRICT_PROTOTYPES = YES;
				CLANG_WARN_SUSPICIOUS_MOVE = YES;
				CLANG_WARN_UNGUARDED_AVAILABILITY = YES_AGGRESSIVE;
				CLANG_WARN_UNREACHABLE_CODE = YES;
				CLANG_WARN__DUPLICATE_METHOD_MATCH = YES;
				COPY_PHASE_STRIP = NO;
				DEBUG_INFORMATION_FORMAT = "dwarf-with-dsym";
				ENABLE_NS_ASSERTIONS = NO;
				ENABLE_STRICT_OBJC_MSGSEND = YES;
				GCC_C_LANGUAGE_STANDARD = gnu11;
				GCC_NO_COMMON_BLOCKS = YES;
				GCC_WARN_64_TO_32_BIT_CONVERSION = YES;
				GCC_WARN_ABOUT_RETURN_TYPE = YES_ERROR;
				GCC_WARN_UNDECLARED_SELECTOR = YES;
				GCC_WARN_UNINITIALIZED_AUTOS = YES_AGGRESSIVE;
				GCC_WARN_UNUSED_FUNCTION = YES;
				GCC_WARN_UNUSED_VARIABLE = YES;
				IPHONEOS_DEPLOYMENT_TARGET = 13.1;
				MTL_ENABLE_DEBUG_INFO = NO;
				MTL_FAST_MATH = YES;
				SDKROOT = iphoneos;
				SWIFT_COMPILATION_MODE = wholemodule;
				SWIFT_OPTIMIZATION_LEVEL = "-O";
				VALIDATE_PRODUCT = YES;
			};
			name = Release;
		};
		807927522369777600E05148 /* Debug */ = {
			isa = XCBuildConfiguration;
			baseConfigurationReference = C1C5A0FF816AAF24742BDF5B /* Pods-Example.debug.xcconfig */;
			buildSettings = {
				ASSETCATALOG_COMPILER_APPICON_NAME = AppIcon;
				CODE_SIGN_STYLE = Automatic;
				DEVELOPMENT_TEAM = 977G6XM9PF;
				INFOPLIST_FILE = Example/Info.plist;
				IPHONEOS_DEPLOYMENT_TARGET = 11.0;
				LD_RUNPATH_SEARCH_PATHS = (
					"$(inherited)",
					"@executable_path/Frameworks",
				);
				PRODUCT_BUNDLE_IDENTIFIER = com.ruixingchen.Example;
				PRODUCT_NAME = "$(TARGET_NAME)";
				SWIFT_VERSION = 5.0;
				TARGETED_DEVICE_FAMILY = "1,2";
			};
			name = Debug;
		};
		807927532369777600E05148 /* Release */ = {
			isa = XCBuildConfiguration;
			baseConfigurationReference = ED5D282FE41794053525DC52 /* Pods-Example.release.xcconfig */;
			buildSettings = {
				ASSETCATALOG_COMPILER_APPICON_NAME = AppIcon;
				CODE_SIGN_STYLE = Automatic;
				DEVELOPMENT_TEAM = 977G6XM9PF;
				INFOPLIST_FILE = Example/Info.plist;
				IPHONEOS_DEPLOYMENT_TARGET = 11.0;
				LD_RUNPATH_SEARCH_PATHS = (
					"$(inherited)",
					"@executable_path/Frameworks",
				);
				PRODUCT_BUNDLE_IDENTIFIER = com.ruixingchen.Example;
				PRODUCT_NAME = "$(TARGET_NAME)";
				SWIFT_VERSION = 5.0;
				TARGETED_DEVICE_FAMILY = "1,2";
			};
			name = Release;
		};
/* End XCBuildConfiguration section */

/* Begin XCConfigurationList section */
		807927382369777500E05148 /* Build configuration list for PBXProject "Example" */ = {
			isa = XCConfigurationList;
			buildConfigurations = (
				8079274F2369777600E05148 /* Debug */,
				807927502369777600E05148 /* Release */,
			);
			defaultConfigurationIsVisible = 0;
			defaultConfigurationName = Release;
		};
		807927512369777600E05148 /* Build configuration list for PBXNativeTarget "Example" */ = {
			isa = XCConfigurationList;
			buildConfigurations = (
				807927522369777600E05148 /* Debug */,
				807927532369777600E05148 /* Release */,
			);
			defaultConfigurationIsVisible = 0;
			defaultConfigurationName = Release;
		};
/* End XCConfigurationList section */
	};
	rootObject = 807927352369777500E05148 /* Project object */;
}
